
Microsoft Visual Studio Solution File, Format Version 12.00
# Visual Studio 14
VisualStudioVersion = 14.0.25420.1
MinimumVisualStudioVersion = 10.0.40219.1
Project("{FAE04EC0-301F-11D3-BF4B-00C04F79EFBC}") = "01.Phonebook", "01.Phonebook\01.Phonebook.csproj", "{D38F6B8E-64D1-4CB0-AED7-6D531465D1E6}"
EndProject
Project("{FAE04EC0-301F-11D3-BF4B-00C04F79EFBC}") = "02.PhoneBookUpgrade", "02.PhoneBookUpgrade\02.PhoneBookUpgrade.csproj", "{8D214EED-D42A-427B-8CC9-AB741DCDAB2D}"
EndProject
Project("{FAE04EC0-301F-11D3-BF4B-00C04F79EFBC}") = "03.AMinerTask", "03.AMinerTask\03.AMinerTask.csproj", "{6E28837B-4EBC-41D9-8A6D-8D07F30583DF}"
EndProject
Project("{FAE04EC0-301F-11D3-BF4B-00C04F79EFBC}") = "04.FixEmails", "04.FixEmails\04.FixEmails.csproj", "{69758769-FB10-4111-9BFA-11627CF6A07E}"
EndProject
Project("{FAE04EC0-301F-11D3-BF4B-00C04F79EFBC}") = "05.HandsOfCards", "05.HandsOfCards\05.HandsOfCards.csproj", "{33395BED-5CA4-4075-84CF-4E8F5656ACB3}"
EndProject
Global
	GlobalSection(SolutionConfigurationPlatforms) = preSolution
		Debug|Any CPU = Debug|Any CPU
		Release|Any CPU = Release|Any CPU
	EndGlobalSection
	GlobalSection(ProjectConfigurationPlatforms) = postSolution
		{D38F6B8E-64D1-4CB0-AED7-6D531465D1E6}.Debug|Any CPU.ActiveCfg = Debug|Any CPU
		{D38F6B8E-64D1-4CB0-AED7-6D531465D1E6}.Debug|Any CPU.Build.0 = Debug|Any CPU
		{D38F6B8E-64D1-4CB0-AED7-6D531465D1E6}.Release|Any CPU.ActiveCfg = Release|Any CPU
		{D38F6B8E-64D1-4CB0-AED7-6D531465D1E6}.Release|Any CPU.Build.0 = Release|Any CPU
		{8D214EED-D42A-427B-8CC9-AB741DCDAB2D}.Debug|Any CPU.ActiveCfg = Debug|Any CPU
		{8D214EED-D42A-427B-8CC9-AB741DCDAB2D}.Debug|Any CPU.Build.0 = Debug|Any CPU
		{8D214EED-D42A-427B-8CC9-AB741DCDAB2D}.Release|Any CPU.ActiveCfg = Release|Any CPU
		{8D214EED-D42A-427B-8CC9-AB741DCDAB2D}.Release|Any CPU.Build.0 = Release|Any CPU
		{6E28837B-4EBC-41D9-8A6D-8D07F30583DF}.Debug|Any CPU.ActiveCfg = Debug|Any CPU
		{6E28837B-4EBC-41D9-8A6D-8D07F30583DF}.Debug|Any CPU.Build.0 = Debug|Any CPU
		{6E28837B-4EBC-41D9-8A6D-8D07F30583DF}.Release|Any CPU.ActiveCfg = Release|Any CPU
		{6E28837B-4EBC-41D9-8A6D-8D07F30583DF}.Release|Any CPU.Build.0 = Release|Any CPU
		{69758769-FB10-4111-9BFA-11627CF6A07E}.Debug|Any CPU.ActiveCfg = Debug|Any CPU
		{69758769-FB10-4111-9BFA-11627CF6A07E}.Debug|Any CPU.Build.0 = Debug|Any CPU
		{69758769-FB10-4111-9BFA-11627CF6A07E}.Release|Any CPU.ActiveCfg = Release|Any CPU
		{69758769-FB10-4111-9BFA-11627CF6A07E}.Release|Any CPU.Build.0 = Release|Any CPU
		{33395BED-5CA4-4075-84CF-4E8F5656ACB3}.Debug|Any CPU.ActiveCfg = Debug|Any CPU
		{33395BED-5CA4-4075-84CF-4E8F5656ACB3}.Debug|Any CPU.Build.0 = Debug|Any CPU
		{33395BED-5CA4-4075-84CF-4E8F5656ACB3}.Release|Any CPU.ActiveCfg = Release|Any CPU
		{33395BED-5CA4-4075-84CF-4E8F5656ACB3}.Release|Any CPU.Build.0 = Release|Any CPU
	EndGlobalSection
	GlobalSection(SolutionProperties) = preSolution
		HideSolutionNode = FALSE
	EndGlobalSection
EndGlobal
