
Microsoft Visual Studio Solution File, Format Version 12.00
# Visual Studio 14
VisualStudioVersion = 14.0.25420.1
MinimumVisualStudioVersion = 10.0.40219.1
Project("{FAE04EC0-301F-11D3-BF4B-00C04F79EFBC}") = "01.Phonebook", "01.Phonebook\01.Phonebook.csproj", "{D38F6B8E-64D1-4CB0-AED7-6D531465D1E6}"
EndProject
Project("{FAE04EC0-301F-11D3-BF4B-00C04F79EFBC}") = "02.PhoneBookUpgrade", "02.PhoneBookUpgrade\02.PhoneBookUpgrade.csproj", "{8D214EED-D42A-427B-8CC9-AB741DCDAB2D}"
EndProject
Project("{FAE04EC0-301F-11D3-BF4B-00C04F79EFBC}") = "03.AMinerTask", "03.AMinerTask\03.AMinerTask.csproj", "{6E28837B-4EBC-41D9-8A6D-8D07F30583DF}"
EndProject
Project("{FAE04EC0-301F-11D3-BF4B-00C04F79EFBC}") = "04.FixEmails", "04.FixEmails\04.FixEmails.csproj", "{69758769-FB10-4111-9BFA-11627CF6A07E}"
EndProject
Project("{FAE04EC0-301F-11D3-BF4B-00C04F79EFBC}") = "05.HandsOfCards", "05.HandsOfCards\05.HandsOfCards.csproj", "{33395BED-5CA4-4075-84CF-4E8F5656ACB3}"
EndProject
Project("{FAE04EC0-301F-11D3-BF4B-00C04F79EFBC}") = "06.UserLogs", "06.UserLogs\06.UserLogs.csproj", "{A2BAA5E8-8AB8-449B-AE3E-4E6A10BE93E2}"
EndProject
Project("{FAE04EC0-301F-11D3-BF4B-00C04F79EFBC}") = "07.PopulationCounter", "07.PopulationCounter\07.PopulationCounter.csproj", "{C8F11CAB-23FB-49E7-9D9E-104039742902}"
EndProject
Project("{FAE04EC0-301F-11D3-BF4B-00C04F79EFBC}") = "08.LogsAggregator", "08.LogsAggregator\08.LogsAggregator.csproj", "{685D3A68-E799-43EC-9EB9-DF76A9CD668D}"
EndProject
Project("{FAE04EC0-301F-11D3-BF4B-00C04F79EFBC}") = "09.LegendaryFarming", "09.LegendaryFarming\09.LegendaryFarming.csproj", "{2C078C3C-D8F2-44CE-B498-B26D83E7AEF0}"
EndProject
Project("{FAE04EC0-301F-11D3-BF4B-00C04F79EFBC}") = "10.SrpskoUnleashed", "10.SrpskoUnleashed\10.SrpskoUnleashed.csproj", "{33D5147B-5B4C-4561-BBEF-94FD1AF8E642}"
EndProject
Project("{FAE04EC0-301F-11D3-BF4B-00C04F79EFBC}") = "11.DragonArmy", "11.DragonArmy\11.DragonArmy.csproj", "{7700778D-ACDE-459D-B796-7D1184E49AE6}"
EndProject
Global
	GlobalSection(SolutionConfigurationPlatforms) = preSolution
		Debug|Any CPU = Debug|Any CPU
		Release|Any CPU = Release|Any CPU
	EndGlobalSection
	GlobalSection(ProjectConfigurationPlatforms) = postSolution
		{D38F6B8E-64D1-4CB0-AED7-6D531465D1E6}.Debug|Any CPU.ActiveCfg = Debug|Any CPU
		{D38F6B8E-64D1-4CB0-AED7-6D531465D1E6}.Debug|Any CPU.Build.0 = Debug|Any CPU
		{D38F6B8E-64D1-4CB0-AED7-6D531465D1E6}.Release|Any CPU.ActiveCfg = Release|Any CPU
		{D38F6B8E-64D1-4CB0-AED7-6D531465D1E6}.Release|Any CPU.Build.0 = Release|Any CPU
		{8D214EED-D42A-427B-8CC9-AB741DCDAB2D}.Debug|Any CPU.ActiveCfg = Debug|Any CPU
		{8D214EED-D42A-427B-8CC9-AB741DCDAB2D}.Debug|Any CPU.Build.0 = Debug|Any CPU
		{8D214EED-D42A-427B-8CC9-AB741DCDAB2D}.Release|Any CPU.ActiveCfg = Release|Any CPU
		{8D214EED-D42A-427B-8CC9-AB741DCDAB2D}.Release|Any CPU.Build.0 = Release|Any CPU
		{6E28837B-4EBC-41D9-8A6D-8D07F30583DF}.Debug|Any CPU.ActiveCfg = Debug|Any CPU
		{6E28837B-4EBC-41D9-8A6D-8D07F30583DF}.Debug|Any CPU.Build.0 = Debug|Any CPU
		{6E28837B-4EBC-41D9-8A6D-8D07F30583DF}.Release|Any CPU.ActiveCfg = Release|Any CPU
		{6E28837B-4EBC-41D9-8A6D-8D07F30583DF}.Release|Any CPU.Build.0 = Release|Any CPU
		{69758769-FB10-4111-9BFA-11627CF6A07E}.Debug|Any CPU.ActiveCfg = Debug|Any CPU
		{69758769-FB10-4111-9BFA-11627CF6A07E}.Debug|Any CPU.Build.0 = Debug|Any CPU
		{69758769-FB10-4111-9BFA-11627CF6A07E}.Release|Any CPU.ActiveCfg = Release|Any CPU
		{69758769-FB10-4111-9BFA-11627CF6A07E}.Release|Any CPU.Build.0 = Release|Any CPU
		{33395BED-5CA4-4075-84CF-4E8F5656ACB3}.Debug|Any CPU.ActiveCfg = Debug|Any CPU
		{33395BED-5CA4-4075-84CF-4E8F5656ACB3}.Debug|Any CPU.Build.0 = Debug|Any CPU
		{33395BED-5CA4-4075-84CF-4E8F5656ACB3}.Release|Any CPU.ActiveCfg = Release|Any CPU
		{33395BED-5CA4-4075-84CF-4E8F5656ACB3}.Release|Any CPU.Build.0 = Release|Any CPU
		{A2BAA5E8-8AB8-449B-AE3E-4E6A10BE93E2}.Debug|Any CPU.ActiveCfg = Debug|Any CPU
		{A2BAA5E8-8AB8-449B-AE3E-4E6A10BE93E2}.Debug|Any CPU.Build.0 = Debug|Any CPU
		{A2BAA5E8-8AB8-449B-AE3E-4E6A10BE93E2}.Release|Any CPU.ActiveCfg = Release|Any CPU
		{A2BAA5E8-8AB8-449B-AE3E-4E6A10BE93E2}.Release|Any CPU.Build.0 = Release|Any CPU
		{C8F11CAB-23FB-49E7-9D9E-104039742902}.Debug|Any CPU.ActiveCfg = Debug|Any CPU
		{C8F11CAB-23FB-49E7-9D9E-104039742902}.Debug|Any CPU.Build.0 = Debug|Any CPU
		{C8F11CAB-23FB-49E7-9D9E-104039742902}.Release|Any CPU.ActiveCfg = Release|Any CPU
		{C8F11CAB-23FB-49E7-9D9E-104039742902}.Release|Any CPU.Build.0 = Release|Any CPU
		{685D3A68-E799-43EC-9EB9-DF76A9CD668D}.Debug|Any CPU.ActiveCfg = Debug|Any CPU
		{685D3A68-E799-43EC-9EB9-DF76A9CD668D}.Debug|Any CPU.Build.0 = Debug|Any CPU
		{685D3A68-E799-43EC-9EB9-DF76A9CD668D}.Release|Any CPU.ActiveCfg = Release|Any CPU
		{685D3A68-E799-43EC-9EB9-DF76A9CD668D}.Release|Any CPU.Build.0 = Release|Any CPU
		{2C078C3C-D8F2-44CE-B498-B26D83E7AEF0}.Debug|Any CPU.ActiveCfg = Debug|Any CPU
		{2C078C3C-D8F2-44CE-B498-B26D83E7AEF0}.Debug|Any CPU.Build.0 = Debug|Any CPU
		{2C078C3C-D8F2-44CE-B498-B26D83E7AEF0}.Release|Any CPU.ActiveCfg = Release|Any CPU
		{2C078C3C-D8F2-44CE-B498-B26D83E7AEF0}.Release|Any CPU.Build.0 = Release|Any CPU
		{33D5147B-5B4C-4561-BBEF-94FD1AF8E642}.Debug|Any CPU.ActiveCfg = Debug|Any CPU
		{33D5147B-5B4C-4561-BBEF-94FD1AF8E642}.Debug|Any CPU.Build.0 = Debug|Any CPU
		{33D5147B-5B4C-4561-BBEF-94FD1AF8E642}.Release|Any CPU.ActiveCfg = Release|Any CPU
		{33D5147B-5B4C-4561-BBEF-94FD1AF8E642}.Release|Any CPU.Build.0 = Release|Any CPU
		{7700778D-ACDE-459D-B796-7D1184E49AE6}.Debug|Any CPU.ActiveCfg = Debug|Any CPU
		{7700778D-ACDE-459D-B796-7D1184E49AE6}.Debug|Any CPU.Build.0 = Debug|Any CPU
		{7700778D-ACDE-459D-B796-7D1184E49AE6}.Release|Any CPU.ActiveCfg = Release|Any CPU
		{7700778D-ACDE-459D-B796-7D1184E49AE6}.Release|Any CPU.Build.0 = Release|Any CPU
	EndGlobalSection
	GlobalSection(SolutionProperties) = preSolution
		HideSolutionNode = FALSE
	EndGlobalSection
EndGlobal
