
Microsoft Visual Studio Solution File, Format Version 12.00
# Visual Studio 15
VisualStudioVersion = 15.0.26430.6
MinimumVisualStudioVersion = 10.0.40219.1
Project("{FAE04EC0-301F-11D3-BF4B-00C04F79EFBC}") = "01.StudentsByGroup", "01.StudentsByGroup\01.StudentsByGroup.csproj", "{F6E66695-C26B-410C-BCB1-46AC882EA445}"
EndProject
Project("{FAE04EC0-301F-11D3-BF4B-00C04F79EFBC}") = "02.StudentsByFirstAndLastName", "02.StudentsByFirstAndLastName\02.StudentsByFirstAndLastName.csproj", "{555215D2-0C12-4A87-A59A-6A916C04C55E}"
EndProject
Project("{FAE04EC0-301F-11D3-BF4B-00C04F79EFBC}") = "03.StudentsByAge", "03.StudentsByAge\03.StudentsByAge.csproj", "{ADCC16F9-2169-44BB-A18A-DBB96F4196A0}"
EndProject
Project("{FAE04EC0-301F-11D3-BF4B-00C04F79EFBC}") = "04.SortStudents", "04.SortStudents\04.SortStudents.csproj", "{12AFF558-0874-4584-AD3D-E646A68E8D1F}"
EndProject
Global
	GlobalSection(SolutionConfigurationPlatforms) = preSolution
		Debug|Any CPU = Debug|Any CPU
		Release|Any CPU = Release|Any CPU
	EndGlobalSection
	GlobalSection(ProjectConfigurationPlatforms) = postSolution
		{F6E66695-C26B-410C-BCB1-46AC882EA445}.Debug|Any CPU.ActiveCfg = Debug|Any CPU
		{F6E66695-C26B-410C-BCB1-46AC882EA445}.Debug|Any CPU.Build.0 = Debug|Any CPU
		{F6E66695-C26B-410C-BCB1-46AC882EA445}.Release|Any CPU.ActiveCfg = Release|Any CPU
		{F6E66695-C26B-410C-BCB1-46AC882EA445}.Release|Any CPU.Build.0 = Release|Any CPU
		{555215D2-0C12-4A87-A59A-6A916C04C55E}.Debug|Any CPU.ActiveCfg = Debug|Any CPU
		{555215D2-0C12-4A87-A59A-6A916C04C55E}.Debug|Any CPU.Build.0 = Debug|Any CPU
		{555215D2-0C12-4A87-A59A-6A916C04C55E}.Release|Any CPU.ActiveCfg = Release|Any CPU
		{555215D2-0C12-4A87-A59A-6A916C04C55E}.Release|Any CPU.Build.0 = Release|Any CPU
		{ADCC16F9-2169-44BB-A18A-DBB96F4196A0}.Debug|Any CPU.ActiveCfg = Debug|Any CPU
		{ADCC16F9-2169-44BB-A18A-DBB96F4196A0}.Debug|Any CPU.Build.0 = Debug|Any CPU
		{ADCC16F9-2169-44BB-A18A-DBB96F4196A0}.Release|Any CPU.ActiveCfg = Release|Any CPU
		{ADCC16F9-2169-44BB-A18A-DBB96F4196A0}.Release|Any CPU.Build.0 = Release|Any CPU
		{12AFF558-0874-4584-AD3D-E646A68E8D1F}.Debug|Any CPU.ActiveCfg = Debug|Any CPU
		{12AFF558-0874-4584-AD3D-E646A68E8D1F}.Debug|Any CPU.Build.0 = Debug|Any CPU
		{12AFF558-0874-4584-AD3D-E646A68E8D1F}.Release|Any CPU.ActiveCfg = Release|Any CPU
		{12AFF558-0874-4584-AD3D-E646A68E8D1F}.Release|Any CPU.Build.0 = Release|Any CPU
	EndGlobalSection
	GlobalSection(SolutionProperties) = preSolution
		HideSolutionNode = FALSE
	EndGlobalSection
EndGlobal
