
Microsoft Visual Studio Solution File, Format Version 12.00
# Visual Studio 15
VisualStudioVersion = 15.0.26430.6
MinimumVisualStudioVersion = 10.0.40219.1
Project("{FAE04EC0-301F-11D3-BF4B-00C04F79EFBC}") = "01.MatchCount", "01.MatchCount\01.MatchCount.csproj", "{1998E201-B332-409F-A2FF-1117944C8270}"
EndProject
Project("{FAE04EC0-301F-11D3-BF4B-00C04F79EFBC}") = "02.VowelCount", "02.VowelCount\02.VowelCount.csproj", "{1BFA6F3E-AA6B-4FF6-83F3-12E372B5C17F}"
EndProject
Project("{FAE04EC0-301F-11D3-BF4B-00C04F79EFBC}") = "03.NonDigitCount", "03.NonDigitCount\03.NonDigitCount.csproj", "{6ED0A1B0-5645-463E-9C71-BD947B9CC799}"
EndProject
Project("{FAE04EC0-301F-11D3-BF4B-00C04F79EFBC}") = "04.ExtractIntegerNumbers", "04.ExtractIntegerNumbers\04.ExtractIntegerNumbers.csproj", "{18C3E67D-7D45-4514-9DE3-92C5E91296A7}"
EndProject
Project("{FAE04EC0-301F-11D3-BF4B-00C04F79EFBC}") = "05.ExtractTags", "05.ExtractTags\05.ExtractTags.csproj", "{B535D544-AF82-461B-9941-D73F44BA1BAB}"
EndProject
Project("{FAE04EC0-301F-11D3-BF4B-00C04F79EFBC}") = "06.ValidUsernames", "06.ValidUsernames\06.ValidUsernames.csproj", "{CF9FF125-51D4-4F18-804E-F5269B31CEFE}"
EndProject
Global
	GlobalSection(SolutionConfigurationPlatforms) = preSolution
		Debug|Any CPU = Debug|Any CPU
		Release|Any CPU = Release|Any CPU
	EndGlobalSection
	GlobalSection(ProjectConfigurationPlatforms) = postSolution
		{1998E201-B332-409F-A2FF-1117944C8270}.Debug|Any CPU.ActiveCfg = Debug|Any CPU
		{1998E201-B332-409F-A2FF-1117944C8270}.Debug|Any CPU.Build.0 = Debug|Any CPU
		{1998E201-B332-409F-A2FF-1117944C8270}.Release|Any CPU.ActiveCfg = Release|Any CPU
		{1998E201-B332-409F-A2FF-1117944C8270}.Release|Any CPU.Build.0 = Release|Any CPU
		{1BFA6F3E-AA6B-4FF6-83F3-12E372B5C17F}.Debug|Any CPU.ActiveCfg = Debug|Any CPU
		{1BFA6F3E-AA6B-4FF6-83F3-12E372B5C17F}.Debug|Any CPU.Build.0 = Debug|Any CPU
		{1BFA6F3E-AA6B-4FF6-83F3-12E372B5C17F}.Release|Any CPU.ActiveCfg = Release|Any CPU
		{1BFA6F3E-AA6B-4FF6-83F3-12E372B5C17F}.Release|Any CPU.Build.0 = Release|Any CPU
		{6ED0A1B0-5645-463E-9C71-BD947B9CC799}.Debug|Any CPU.ActiveCfg = Debug|Any CPU
		{6ED0A1B0-5645-463E-9C71-BD947B9CC799}.Debug|Any CPU.Build.0 = Debug|Any CPU
		{6ED0A1B0-5645-463E-9C71-BD947B9CC799}.Release|Any CPU.ActiveCfg = Release|Any CPU
		{6ED0A1B0-5645-463E-9C71-BD947B9CC799}.Release|Any CPU.Build.0 = Release|Any CPU
		{18C3E67D-7D45-4514-9DE3-92C5E91296A7}.Debug|Any CPU.ActiveCfg = Debug|Any CPU
		{18C3E67D-7D45-4514-9DE3-92C5E91296A7}.Debug|Any CPU.Build.0 = Debug|Any CPU
		{18C3E67D-7D45-4514-9DE3-92C5E91296A7}.Release|Any CPU.ActiveCfg = Release|Any CPU
		{18C3E67D-7D45-4514-9DE3-92C5E91296A7}.Release|Any CPU.Build.0 = Release|Any CPU
		{B535D544-AF82-461B-9941-D73F44BA1BAB}.Debug|Any CPU.ActiveCfg = Debug|Any CPU
		{B535D544-AF82-461B-9941-D73F44BA1BAB}.Debug|Any CPU.Build.0 = Debug|Any CPU
		{B535D544-AF82-461B-9941-D73F44BA1BAB}.Release|Any CPU.ActiveCfg = Release|Any CPU
		{B535D544-AF82-461B-9941-D73F44BA1BAB}.Release|Any CPU.Build.0 = Release|Any CPU
		{CF9FF125-51D4-4F18-804E-F5269B31CEFE}.Debug|Any CPU.ActiveCfg = Debug|Any CPU
		{CF9FF125-51D4-4F18-804E-F5269B31CEFE}.Debug|Any CPU.Build.0 = Debug|Any CPU
		{CF9FF125-51D4-4F18-804E-F5269B31CEFE}.Release|Any CPU.ActiveCfg = Release|Any CPU
		{CF9FF125-51D4-4F18-804E-F5269B31CEFE}.Release|Any CPU.Build.0 = Release|Any CPU
	EndGlobalSection
	GlobalSection(SolutionProperties) = preSolution
		HideSolutionNode = FALSE
	EndGlobalSection
EndGlobal
