
Microsoft Visual Studio Solution File, Format Version 12.00
# Visual Studio 15
VisualStudioVersion = 15.0.26430.6
MinimumVisualStudioVersion = 10.0.40219.1
Project("{FAE04EC0-301F-11D3-BF4B-00C04F79EFBC}") = "01.ReverseNumbers", "01.ReverseNumbers\01.ReverseNumbers.csproj", "{EEB2DB04-69BA-45FC-ACF1-9D9F485F3175}"
EndProject
Project("{FAE04EC0-301F-11D3-BF4B-00C04F79EFBC}") = "02.BasicStackOperations", "02.BasicStackOperations\02.BasicStackOperations.csproj", "{2803E519-47A3-4758-B543-0AB925DF4754}"
EndProject
Project("{FAE04EC0-301F-11D3-BF4B-00C04F79EFBC}") = "03.MaximumElement", "03.MaximumElement\03.MaximumElement.csproj", "{0DB806D7-2FBB-4B6D-A747-66206EBA5C43}"
EndProject
Project("{FAE04EC0-301F-11D3-BF4B-00C04F79EFBC}") = "04.BasicQueueOperations", "04.BasicQueueOperations\04.BasicQueueOperations.csproj", "{8D22445B-8F0D-493F-8EE1-DE6DB336B901}"
EndProject
Project("{FAE04EC0-301F-11D3-BF4B-00C04F79EFBC}") = "05.SequenceWithQueue", "05.SequenceWithQueue\05.SequenceWithQueue.csproj", "{0E295E78-41F1-4AB4-AF7B-47BD5D9AC3CF}"
EndProject
Project("{FAE04EC0-301F-11D3-BF4B-00C04F79EFBC}") = "06.TruckTour", "06.TruckTour\06.TruckTour.csproj", "{ECCD642C-CA35-4250-A89D-C4E2B2379227}"
EndProject
Project("{FAE04EC0-301F-11D3-BF4B-00C04F79EFBC}") = "07.BalancedParenthesis", "07.BalancedParenthesis\07.BalancedParenthesis.csproj", "{07958B22-F7FE-41CD-990F-21A9C6061F01}"
EndProject
Global
	GlobalSection(SolutionConfigurationPlatforms) = preSolution
		Debug|Any CPU = Debug|Any CPU
		Release|Any CPU = Release|Any CPU
	EndGlobalSection
	GlobalSection(ProjectConfigurationPlatforms) = postSolution
		{EEB2DB04-69BA-45FC-ACF1-9D9F485F3175}.Debug|Any CPU.ActiveCfg = Debug|Any CPU
		{EEB2DB04-69BA-45FC-ACF1-9D9F485F3175}.Debug|Any CPU.Build.0 = Debug|Any CPU
		{EEB2DB04-69BA-45FC-ACF1-9D9F485F3175}.Release|Any CPU.ActiveCfg = Release|Any CPU
		{EEB2DB04-69BA-45FC-ACF1-9D9F485F3175}.Release|Any CPU.Build.0 = Release|Any CPU
		{2803E519-47A3-4758-B543-0AB925DF4754}.Debug|Any CPU.ActiveCfg = Debug|Any CPU
		{2803E519-47A3-4758-B543-0AB925DF4754}.Debug|Any CPU.Build.0 = Debug|Any CPU
		{2803E519-47A3-4758-B543-0AB925DF4754}.Release|Any CPU.ActiveCfg = Release|Any CPU
		{2803E519-47A3-4758-B543-0AB925DF4754}.Release|Any CPU.Build.0 = Release|Any CPU
		{0DB806D7-2FBB-4B6D-A747-66206EBA5C43}.Debug|Any CPU.ActiveCfg = Debug|Any CPU
		{0DB806D7-2FBB-4B6D-A747-66206EBA5C43}.Debug|Any CPU.Build.0 = Debug|Any CPU
		{0DB806D7-2FBB-4B6D-A747-66206EBA5C43}.Release|Any CPU.ActiveCfg = Release|Any CPU
		{0DB806D7-2FBB-4B6D-A747-66206EBA5C43}.Release|Any CPU.Build.0 = Release|Any CPU
		{8D22445B-8F0D-493F-8EE1-DE6DB336B901}.Debug|Any CPU.ActiveCfg = Debug|Any CPU
		{8D22445B-8F0D-493F-8EE1-DE6DB336B901}.Debug|Any CPU.Build.0 = Debug|Any CPU
		{8D22445B-8F0D-493F-8EE1-DE6DB336B901}.Release|Any CPU.ActiveCfg = Release|Any CPU
		{8D22445B-8F0D-493F-8EE1-DE6DB336B901}.Release|Any CPU.Build.0 = Release|Any CPU
		{0E295E78-41F1-4AB4-AF7B-47BD5D9AC3CF}.Debug|Any CPU.ActiveCfg = Debug|Any CPU
		{0E295E78-41F1-4AB4-AF7B-47BD5D9AC3CF}.Debug|Any CPU.Build.0 = Debug|Any CPU
		{0E295E78-41F1-4AB4-AF7B-47BD5D9AC3CF}.Release|Any CPU.ActiveCfg = Release|Any CPU
		{0E295E78-41F1-4AB4-AF7B-47BD5D9AC3CF}.Release|Any CPU.Build.0 = Release|Any CPU
		{ECCD642C-CA35-4250-A89D-C4E2B2379227}.Debug|Any CPU.ActiveCfg = Debug|Any CPU
		{ECCD642C-CA35-4250-A89D-C4E2B2379227}.Debug|Any CPU.Build.0 = Debug|Any CPU
		{ECCD642C-CA35-4250-A89D-C4E2B2379227}.Release|Any CPU.ActiveCfg = Release|Any CPU
		{ECCD642C-CA35-4250-A89D-C4E2B2379227}.Release|Any CPU.Build.0 = Release|Any CPU
		{07958B22-F7FE-41CD-990F-21A9C6061F01}.Debug|Any CPU.ActiveCfg = Debug|Any CPU
		{07958B22-F7FE-41CD-990F-21A9C6061F01}.Debug|Any CPU.Build.0 = Debug|Any CPU
		{07958B22-F7FE-41CD-990F-21A9C6061F01}.Release|Any CPU.ActiveCfg = Release|Any CPU
		{07958B22-F7FE-41CD-990F-21A9C6061F01}.Release|Any CPU.Build.0 = Release|Any CPU
	EndGlobalSection
	GlobalSection(SolutionProperties) = preSolution
		HideSolutionNode = FALSE
	EndGlobalSection
EndGlobal
