
Microsoft Visual Studio Solution File, Format Version 12.00
# Visual Studio 14
VisualStudioVersion = 14.0.25420.1
MinimumVisualStudioVersion = 10.0.40219.1
Project("{FAE04EC0-301F-11D3-BF4B-00C04F79EFBC}") = "01.ConvertFromBase10ToBaseN", "01.ConvertFromBase10ToBaseN\01.ConvertFromBase10ToBaseN.csproj", "{5230FD93-B919-4633-984C-EEA801D4CC27}"
EndProject
Project("{FAE04EC0-301F-11D3-BF4B-00C04F79EFBC}") = "02.ConvertFromBaseNToBase10", "02.ConvertFromBaseNToBase10\02.ConvertFromBaseNToBase10.csproj", "{B32BBA3D-7EA6-45DB-B83F-E958A1661A23}"
EndProject
Project("{FAE04EC0-301F-11D3-BF4B-00C04F79EFBC}") = "03.UnicodeCharacters", "03.UnicodeCharacters\03.UnicodeCharacters.csproj", "{75B6E013-D2D4-4D11-A5F3-1DAC81B26498}"
EndProject
Project("{FAE04EC0-301F-11D3-BF4B-00C04F79EFBC}") = "04.CharacterMultiplier", "04.CharacterMultiplier\04.CharacterMultiplier.csproj", "{52E31764-8731-4F26-8875-14C8C6464C51}"
EndProject
Project("{FAE04EC0-301F-11D3-BF4B-00C04F79EFBC}") = "05.MagicExchangeableWords", "05.MagicExchangeableWords\05.MagicExchangeableWords.csproj", "{15B36632-9516-4C66-A542-5277A5EBBB3A}"
EndProject
Project("{FAE04EC0-301F-11D3-BF4B-00C04F79EFBC}") = "06.SumBigNumbers", "06.SumBigNumbers\06.SumBigNumbers.csproj", "{605226E0-3C0C-4C6F-9750-91F354F45641}"
EndProject
Project("{FAE04EC0-301F-11D3-BF4B-00C04F79EFBC}") = "07.MultiplyBigNumbers", "07.MultiplyBigNumbers\07.MultiplyBigNumbers.csproj", "{EA807F4D-7E18-4DC2-90CE-1B64A23BA019}"
EndProject
Global
	GlobalSection(SolutionConfigurationPlatforms) = preSolution
		Debug|Any CPU = Debug|Any CPU
		Release|Any CPU = Release|Any CPU
	EndGlobalSection
	GlobalSection(ProjectConfigurationPlatforms) = postSolution
		{5230FD93-B919-4633-984C-EEA801D4CC27}.Debug|Any CPU.ActiveCfg = Debug|Any CPU
		{5230FD93-B919-4633-984C-EEA801D4CC27}.Debug|Any CPU.Build.0 = Debug|Any CPU
		{5230FD93-B919-4633-984C-EEA801D4CC27}.Release|Any CPU.ActiveCfg = Release|Any CPU
		{5230FD93-B919-4633-984C-EEA801D4CC27}.Release|Any CPU.Build.0 = Release|Any CPU
		{B32BBA3D-7EA6-45DB-B83F-E958A1661A23}.Debug|Any CPU.ActiveCfg = Debug|Any CPU
		{B32BBA3D-7EA6-45DB-B83F-E958A1661A23}.Debug|Any CPU.Build.0 = Debug|Any CPU
		{B32BBA3D-7EA6-45DB-B83F-E958A1661A23}.Release|Any CPU.ActiveCfg = Release|Any CPU
		{B32BBA3D-7EA6-45DB-B83F-E958A1661A23}.Release|Any CPU.Build.0 = Release|Any CPU
		{75B6E013-D2D4-4D11-A5F3-1DAC81B26498}.Debug|Any CPU.ActiveCfg = Debug|Any CPU
		{75B6E013-D2D4-4D11-A5F3-1DAC81B26498}.Debug|Any CPU.Build.0 = Debug|Any CPU
		{75B6E013-D2D4-4D11-A5F3-1DAC81B26498}.Release|Any CPU.ActiveCfg = Release|Any CPU
		{75B6E013-D2D4-4D11-A5F3-1DAC81B26498}.Release|Any CPU.Build.0 = Release|Any CPU
		{52E31764-8731-4F26-8875-14C8C6464C51}.Debug|Any CPU.ActiveCfg = Debug|Any CPU
		{52E31764-8731-4F26-8875-14C8C6464C51}.Debug|Any CPU.Build.0 = Debug|Any CPU
		{52E31764-8731-4F26-8875-14C8C6464C51}.Release|Any CPU.ActiveCfg = Release|Any CPU
		{52E31764-8731-4F26-8875-14C8C6464C51}.Release|Any CPU.Build.0 = Release|Any CPU
		{15B36632-9516-4C66-A542-5277A5EBBB3A}.Debug|Any CPU.ActiveCfg = Debug|Any CPU
		{15B36632-9516-4C66-A542-5277A5EBBB3A}.Debug|Any CPU.Build.0 = Debug|Any CPU
		{15B36632-9516-4C66-A542-5277A5EBBB3A}.Release|Any CPU.ActiveCfg = Release|Any CPU
		{15B36632-9516-4C66-A542-5277A5EBBB3A}.Release|Any CPU.Build.0 = Release|Any CPU
		{605226E0-3C0C-4C6F-9750-91F354F45641}.Debug|Any CPU.ActiveCfg = Debug|Any CPU
		{605226E0-3C0C-4C6F-9750-91F354F45641}.Debug|Any CPU.Build.0 = Debug|Any CPU
		{605226E0-3C0C-4C6F-9750-91F354F45641}.Release|Any CPU.ActiveCfg = Release|Any CPU
		{605226E0-3C0C-4C6F-9750-91F354F45641}.Release|Any CPU.Build.0 = Release|Any CPU
		{EA807F4D-7E18-4DC2-90CE-1B64A23BA019}.Debug|Any CPU.ActiveCfg = Debug|Any CPU
		{EA807F4D-7E18-4DC2-90CE-1B64A23BA019}.Debug|Any CPU.Build.0 = Debug|Any CPU
		{EA807F4D-7E18-4DC2-90CE-1B64A23BA019}.Release|Any CPU.ActiveCfg = Release|Any CPU
		{EA807F4D-7E18-4DC2-90CE-1B64A23BA019}.Release|Any CPU.Build.0 = Release|Any CPU
	EndGlobalSection
	GlobalSection(SolutionProperties) = preSolution
		HideSolutionNode = FALSE
	EndGlobalSection
EndGlobal
