
Microsoft Visual Studio Solution File, Format Version 12.00
# Visual Studio 14
VisualStudioVersion = 14.0.25420.1
MinimumVisualStudioVersion = 10.0.40219.1
Project("{FAE04EC0-301F-11D3-BF4B-00C04F79EFBC}") = "01.SoftUniAirline", "01.SoftUniAirline\01.SoftUniAirline.csproj", "{1BF7B623-293F-4E93-A739-FB709F117133}"
EndProject
Project("{FAE04EC0-301F-11D3-BF4B-00C04F79EFBC}") = "02.SoftUniWaterSupplies", "02.SoftUniWaterSupplies\02.SoftUniWaterSupplies.csproj", "{F8A41CFF-0E1B-4429-B2F1-DA0BEA6AE84E}"
EndProject
Global
	GlobalSection(SolutionConfigurationPlatforms) = preSolution
		Debug|Any CPU = Debug|Any CPU
		Release|Any CPU = Release|Any CPU
	EndGlobalSection
	GlobalSection(ProjectConfigurationPlatforms) = postSolution
		{1BF7B623-293F-4E93-A739-FB709F117133}.Debug|Any CPU.ActiveCfg = Debug|Any CPU
		{1BF7B623-293F-4E93-A739-FB709F117133}.Debug|Any CPU.Build.0 = Debug|Any CPU
		{1BF7B623-293F-4E93-A739-FB709F117133}.Release|Any CPU.ActiveCfg = Release|Any CPU
		{1BF7B623-293F-4E93-A739-FB709F117133}.Release|Any CPU.Build.0 = Release|Any CPU
		{F8A41CFF-0E1B-4429-B2F1-DA0BEA6AE84E}.Debug|Any CPU.ActiveCfg = Debug|Any CPU
		{F8A41CFF-0E1B-4429-B2F1-DA0BEA6AE84E}.Debug|Any CPU.Build.0 = Debug|Any CPU
		{F8A41CFF-0E1B-4429-B2F1-DA0BEA6AE84E}.Release|Any CPU.ActiveCfg = Release|Any CPU
		{F8A41CFF-0E1B-4429-B2F1-DA0BEA6AE84E}.Release|Any CPU.Build.0 = Release|Any CPU
	EndGlobalSection
	GlobalSection(SolutionProperties) = preSolution
		HideSolutionNode = FALSE
	EndGlobalSection
EndGlobal
