
Microsoft Visual Studio Solution File, Format Version 12.00
# Visual Studio 14
VisualStudioVersion = 14.0.25420.1
MinimumVisualStudioVersion = 10.0.40219.1
Project("{FAE04EC0-301F-11D3-BF4B-00C04F79EFBC}") = "PerfectDiamond", "PerfectDiamond\PerfectDiamond.csproj", "{F58BD27A-3416-44B2-81E7-8B014C2A6585}"
EndProject
Project("{FAE04EC0-301F-11D3-BF4B-00C04F79EFBC}") = "FourNumbers", "FourNumbers\FourNumbers.csproj", "{FFB766B3-A408-47E0-B1EE-E6898C7D2C8C}"
EndProject
Project("{FAE04EC0-301F-11D3-BF4B-00C04F79EFBC}") = "GenerateRectangle", "GenerateRectangle\GenerateRectangle.csproj", "{ADCFA851-0248-402A-9679-69711427D97F}"
EndProject
Project("{FAE04EC0-301F-11D3-BF4B-00C04F79EFBC}") = "4IncreasingNumbers", "4IncreasingNumbers\4IncreasingNumbers.csproj", "{29AE1854-09AF-41B3-860D-EE482EC0388A}"
EndProject
Global
	GlobalSection(SolutionConfigurationPlatforms) = preSolution
		Debug|Any CPU = Debug|Any CPU
		Release|Any CPU = Release|Any CPU
	EndGlobalSection
	GlobalSection(ProjectConfigurationPlatforms) = postSolution
		{F58BD27A-3416-44B2-81E7-8B014C2A6585}.Debug|Any CPU.ActiveCfg = Debug|Any CPU
		{F58BD27A-3416-44B2-81E7-8B014C2A6585}.Debug|Any CPU.Build.0 = Debug|Any CPU
		{F58BD27A-3416-44B2-81E7-8B014C2A6585}.Release|Any CPU.ActiveCfg = Release|Any CPU
		{F58BD27A-3416-44B2-81E7-8B014C2A6585}.Release|Any CPU.Build.0 = Release|Any CPU
		{FFB766B3-A408-47E0-B1EE-E6898C7D2C8C}.Debug|Any CPU.ActiveCfg = Debug|Any CPU
		{FFB766B3-A408-47E0-B1EE-E6898C7D2C8C}.Debug|Any CPU.Build.0 = Debug|Any CPU
		{FFB766B3-A408-47E0-B1EE-E6898C7D2C8C}.Release|Any CPU.ActiveCfg = Release|Any CPU
		{FFB766B3-A408-47E0-B1EE-E6898C7D2C8C}.Release|Any CPU.Build.0 = Release|Any CPU
		{ADCFA851-0248-402A-9679-69711427D97F}.Debug|Any CPU.ActiveCfg = Debug|Any CPU
		{ADCFA851-0248-402A-9679-69711427D97F}.Debug|Any CPU.Build.0 = Debug|Any CPU
		{ADCFA851-0248-402A-9679-69711427D97F}.Release|Any CPU.ActiveCfg = Release|Any CPU
		{ADCFA851-0248-402A-9679-69711427D97F}.Release|Any CPU.Build.0 = Release|Any CPU
		{29AE1854-09AF-41B3-860D-EE482EC0388A}.Debug|Any CPU.ActiveCfg = Debug|Any CPU
		{29AE1854-09AF-41B3-860D-EE482EC0388A}.Debug|Any CPU.Build.0 = Debug|Any CPU
		{29AE1854-09AF-41B3-860D-EE482EC0388A}.Release|Any CPU.ActiveCfg = Release|Any CPU
		{29AE1854-09AF-41B3-860D-EE482EC0388A}.Release|Any CPU.Build.0 = Release|Any CPU
	EndGlobalSection
	GlobalSection(SolutionProperties) = preSolution
		HideSolutionNode = FALSE
	EndGlobalSection
EndGlobal
