
Microsoft Visual Studio Solution File, Format Version 12.00
# Visual Studio 15
VisualStudioVersion = 15.0.26430.6
MinimumVisualStudioVersion = 10.0.40219.1
Project("{FAE04EC0-301F-11D3-BF4B-00C04F79EFBC}") = "01.SortEvenNumbers", "01.SortEvenNumbers\01.SortEvenNumbers.csproj", "{7D6C807A-111B-4895-AE5E-5EE0C7B61997}"
EndProject
Project("{FAE04EC0-301F-11D3-BF4B-00C04F79EFBC}") = "02.SumNumbers", "02.SumNumbers\02.SumNumbers.csproj", "{827E3F42-14C0-47BA-9948-7DD89BA62960}"
EndProject
Project("{FAE04EC0-301F-11D3-BF4B-00C04F79EFBC}") = "03.CountUppercaseWords", "03.CountUppercaseWords\03.CountUppercaseWords.csproj", "{C050D5D2-A666-45B7-874A-1F3CFA4D3B00}"
EndProject
Project("{FAE04EC0-301F-11D3-BF4B-00C04F79EFBC}") = "04.AddVAT", "04.AddVAT\04.AddVAT.csproj", "{56888530-6B2B-40A9-8A5D-56377462DD3B}"
EndProject
Global
	GlobalSection(SolutionConfigurationPlatforms) = preSolution
		Debug|Any CPU = Debug|Any CPU
		Release|Any CPU = Release|Any CPU
	EndGlobalSection
	GlobalSection(ProjectConfigurationPlatforms) = postSolution
		{7D6C807A-111B-4895-AE5E-5EE0C7B61997}.Debug|Any CPU.ActiveCfg = Debug|Any CPU
		{7D6C807A-111B-4895-AE5E-5EE0C7B61997}.Debug|Any CPU.Build.0 = Debug|Any CPU
		{7D6C807A-111B-4895-AE5E-5EE0C7B61997}.Release|Any CPU.ActiveCfg = Release|Any CPU
		{7D6C807A-111B-4895-AE5E-5EE0C7B61997}.Release|Any CPU.Build.0 = Release|Any CPU
		{827E3F42-14C0-47BA-9948-7DD89BA62960}.Debug|Any CPU.ActiveCfg = Debug|Any CPU
		{827E3F42-14C0-47BA-9948-7DD89BA62960}.Debug|Any CPU.Build.0 = Debug|Any CPU
		{827E3F42-14C0-47BA-9948-7DD89BA62960}.Release|Any CPU.ActiveCfg = Release|Any CPU
		{827E3F42-14C0-47BA-9948-7DD89BA62960}.Release|Any CPU.Build.0 = Release|Any CPU
		{C050D5D2-A666-45B7-874A-1F3CFA4D3B00}.Debug|Any CPU.ActiveCfg = Debug|Any CPU
		{C050D5D2-A666-45B7-874A-1F3CFA4D3B00}.Debug|Any CPU.Build.0 = Debug|Any CPU
		{C050D5D2-A666-45B7-874A-1F3CFA4D3B00}.Release|Any CPU.ActiveCfg = Release|Any CPU
		{C050D5D2-A666-45B7-874A-1F3CFA4D3B00}.Release|Any CPU.Build.0 = Release|Any CPU
		{56888530-6B2B-40A9-8A5D-56377462DD3B}.Debug|Any CPU.ActiveCfg = Debug|Any CPU
		{56888530-6B2B-40A9-8A5D-56377462DD3B}.Debug|Any CPU.Build.0 = Debug|Any CPU
		{56888530-6B2B-40A9-8A5D-56377462DD3B}.Release|Any CPU.ActiveCfg = Release|Any CPU
		{56888530-6B2B-40A9-8A5D-56377462DD3B}.Release|Any CPU.Build.0 = Release|Any CPU
	EndGlobalSection
	GlobalSection(SolutionProperties) = preSolution
		HideSolutionNode = FALSE
	EndGlobalSection
EndGlobal
