
Microsoft Visual Studio Solution File, Format Version 12.00
# Visual Studio 15
VisualStudioVersion = 15.0.26430.6
MinimumVisualStudioVersion = 10.0.40219.1
Project("{FAE04EC0-301F-11D3-BF4B-00C04F79EFBC}") = "01.DefineClassPerson", "01.DefineClassPerson\01.DefineClassPerson.csproj", "{424BE937-E818-4150-92ED-0CDF816907D2}"
EndProject
Project("{FAE04EC0-301F-11D3-BF4B-00C04F79EFBC}") = "02.CreatingConstructors", "02.CreatingConstructors\02.CreatingConstructors.csproj", "{8A9DABF7-4E04-4D3C-85B5-82708E8DFD99}"
EndProject
Project("{FAE04EC0-301F-11D3-BF4B-00C04F79EFBC}") = "03.OldestFamilyMember", "03.OldestFamilyMember\03.OldestFamilyMember.csproj", "{AC987F4B-EF8A-457C-9D4D-49411BDFD3DD}"
EndProject
Project("{FAE04EC0-301F-11D3-BF4B-00C04F79EFBC}") = "04.OpinionPoll", "04.OpinionPoll\04.OpinionPoll.csproj", "{3A4DC608-63B7-42DD-BA5A-E6F970D5905E}"
EndProject
Project("{FAE04EC0-301F-11D3-BF4B-00C04F79EFBC}") = "05.DateModifier", "05.DateModifier\05.DateModifier.csproj", "{C92325B4-1C52-4156-AABF-3DD5E1358E45}"
EndProject
Project("{FAE04EC0-301F-11D3-BF4B-00C04F79EFBC}") = "06.CompanyRoster", "06.CompanyRoster\06.CompanyRoster.csproj", "{B3DD23C1-0125-4684-AC9D-CC040DDA9E0A}"
EndProject
Project("{FAE04EC0-301F-11D3-BF4B-00C04F79EFBC}") = "07.SpeedRacing", "07.SpeedRacing\07.SpeedRacing.csproj", "{FF1CD0A2-AB1E-4ECB-90D8-43F953882270}"
EndProject
Project("{FAE04EC0-301F-11D3-BF4B-00C04F79EFBC}") = "08.RawData", "08.RawData\08.RawData.csproj", "{2B57B07A-2F0F-4C3C-9715-21E8B27AE083}"
EndProject
Global
	GlobalSection(SolutionConfigurationPlatforms) = preSolution
		Debug|Any CPU = Debug|Any CPU
		Release|Any CPU = Release|Any CPU
	EndGlobalSection
	GlobalSection(ProjectConfigurationPlatforms) = postSolution
		{424BE937-E818-4150-92ED-0CDF816907D2}.Debug|Any CPU.ActiveCfg = Debug|Any CPU
		{424BE937-E818-4150-92ED-0CDF816907D2}.Debug|Any CPU.Build.0 = Debug|Any CPU
		{424BE937-E818-4150-92ED-0CDF816907D2}.Release|Any CPU.ActiveCfg = Release|Any CPU
		{424BE937-E818-4150-92ED-0CDF816907D2}.Release|Any CPU.Build.0 = Release|Any CPU
		{8A9DABF7-4E04-4D3C-85B5-82708E8DFD99}.Debug|Any CPU.ActiveCfg = Debug|Any CPU
		{8A9DABF7-4E04-4D3C-85B5-82708E8DFD99}.Debug|Any CPU.Build.0 = Debug|Any CPU
		{8A9DABF7-4E04-4D3C-85B5-82708E8DFD99}.Release|Any CPU.ActiveCfg = Release|Any CPU
		{8A9DABF7-4E04-4D3C-85B5-82708E8DFD99}.Release|Any CPU.Build.0 = Release|Any CPU
		{AC987F4B-EF8A-457C-9D4D-49411BDFD3DD}.Debug|Any CPU.ActiveCfg = Debug|Any CPU
		{AC987F4B-EF8A-457C-9D4D-49411BDFD3DD}.Debug|Any CPU.Build.0 = Debug|Any CPU
		{AC987F4B-EF8A-457C-9D4D-49411BDFD3DD}.Release|Any CPU.ActiveCfg = Release|Any CPU
		{AC987F4B-EF8A-457C-9D4D-49411BDFD3DD}.Release|Any CPU.Build.0 = Release|Any CPU
		{3A4DC608-63B7-42DD-BA5A-E6F970D5905E}.Debug|Any CPU.ActiveCfg = Debug|Any CPU
		{3A4DC608-63B7-42DD-BA5A-E6F970D5905E}.Debug|Any CPU.Build.0 = Debug|Any CPU
		{3A4DC608-63B7-42DD-BA5A-E6F970D5905E}.Release|Any CPU.ActiveCfg = Release|Any CPU
		{3A4DC608-63B7-42DD-BA5A-E6F970D5905E}.Release|Any CPU.Build.0 = Release|Any CPU
		{C92325B4-1C52-4156-AABF-3DD5E1358E45}.Debug|Any CPU.ActiveCfg = Debug|Any CPU
		{C92325B4-1C52-4156-AABF-3DD5E1358E45}.Debug|Any CPU.Build.0 = Debug|Any CPU
		{C92325B4-1C52-4156-AABF-3DD5E1358E45}.Release|Any CPU.ActiveCfg = Release|Any CPU
		{C92325B4-1C52-4156-AABF-3DD5E1358E45}.Release|Any CPU.Build.0 = Release|Any CPU
		{B3DD23C1-0125-4684-AC9D-CC040DDA9E0A}.Debug|Any CPU.ActiveCfg = Debug|Any CPU
		{B3DD23C1-0125-4684-AC9D-CC040DDA9E0A}.Debug|Any CPU.Build.0 = Debug|Any CPU
		{B3DD23C1-0125-4684-AC9D-CC040DDA9E0A}.Release|Any CPU.ActiveCfg = Release|Any CPU
		{B3DD23C1-0125-4684-AC9D-CC040DDA9E0A}.Release|Any CPU.Build.0 = Release|Any CPU
		{FF1CD0A2-AB1E-4ECB-90D8-43F953882270}.Debug|Any CPU.ActiveCfg = Debug|Any CPU
		{FF1CD0A2-AB1E-4ECB-90D8-43F953882270}.Debug|Any CPU.Build.0 = Debug|Any CPU
		{FF1CD0A2-AB1E-4ECB-90D8-43F953882270}.Release|Any CPU.ActiveCfg = Release|Any CPU
		{FF1CD0A2-AB1E-4ECB-90D8-43F953882270}.Release|Any CPU.Build.0 = Release|Any CPU
		{2B57B07A-2F0F-4C3C-9715-21E8B27AE083}.Debug|Any CPU.ActiveCfg = Debug|Any CPU
		{2B57B07A-2F0F-4C3C-9715-21E8B27AE083}.Debug|Any CPU.Build.0 = Debug|Any CPU
		{2B57B07A-2F0F-4C3C-9715-21E8B27AE083}.Release|Any CPU.ActiveCfg = Release|Any CPU
		{2B57B07A-2F0F-4C3C-9715-21E8B27AE083}.Release|Any CPU.Build.0 = Release|Any CPU
	EndGlobalSection
	GlobalSection(SolutionProperties) = preSolution
		HideSolutionNode = FALSE
	EndGlobalSection
EndGlobal
