
Microsoft Visual Studio Solution File, Format Version 12.00
# Visual Studio 15
VisualStudioVersion = 15.0.26430.6
MinimumVisualStudioVersion = 10.0.40219.1
Project("{FAE04EC0-301F-11D3-BF4B-00C04F79EFBC}") = "1.ReverseStrings", "1.ReverseStrings\1.ReverseStrings.csproj", "{06DE3145-9B25-4391-B4FE-279419DF4279}"
EndProject
Project("{FAE04EC0-301F-11D3-BF4B-00C04F79EFBC}") = "02.SimpleCalculator", "02.SimpleCalculator\02.SimpleCalculator.csproj", "{F6BF0F52-F9F7-4611-931E-FB19D09F7293}"
EndProject
Project("{FAE04EC0-301F-11D3-BF4B-00C04F79EFBC}") = "03.DecimalToBinaryConverter", "03.DecimalToBinaryConverter\03.DecimalToBinaryConverter.csproj", "{DEE37B08-618D-46AA-AF04-27CC1CB36D77}"
EndProject
Project("{FAE04EC0-301F-11D3-BF4B-00C04F79EFBC}") = "04.MatchingBrackets", "04.MatchingBrackets\04.MatchingBrackets.csproj", "{A8E8AFD6-A628-4DBC-9877-4050E4215961}"
EndProject
Project("{FAE04EC0-301F-11D3-BF4B-00C04F79EFBC}") = "05.HotPotato", "05.HotPotato\05.HotPotato.csproj", "{B2399EE9-ECD9-4791-A95B-85ACBC772883}"
EndProject
Global
	GlobalSection(SolutionConfigurationPlatforms) = preSolution
		Debug|Any CPU = Debug|Any CPU
		Release|Any CPU = Release|Any CPU
	EndGlobalSection
	GlobalSection(ProjectConfigurationPlatforms) = postSolution
		{06DE3145-9B25-4391-B4FE-279419DF4279}.Debug|Any CPU.ActiveCfg = Debug|Any CPU
		{06DE3145-9B25-4391-B4FE-279419DF4279}.Debug|Any CPU.Build.0 = Debug|Any CPU
		{06DE3145-9B25-4391-B4FE-279419DF4279}.Release|Any CPU.ActiveCfg = Release|Any CPU
		{06DE3145-9B25-4391-B4FE-279419DF4279}.Release|Any CPU.Build.0 = Release|Any CPU
		{F6BF0F52-F9F7-4611-931E-FB19D09F7293}.Debug|Any CPU.ActiveCfg = Debug|Any CPU
		{F6BF0F52-F9F7-4611-931E-FB19D09F7293}.Debug|Any CPU.Build.0 = Debug|Any CPU
		{F6BF0F52-F9F7-4611-931E-FB19D09F7293}.Release|Any CPU.ActiveCfg = Release|Any CPU
		{F6BF0F52-F9F7-4611-931E-FB19D09F7293}.Release|Any CPU.Build.0 = Release|Any CPU
		{DEE37B08-618D-46AA-AF04-27CC1CB36D77}.Debug|Any CPU.ActiveCfg = Debug|Any CPU
		{DEE37B08-618D-46AA-AF04-27CC1CB36D77}.Debug|Any CPU.Build.0 = Debug|Any CPU
		{DEE37B08-618D-46AA-AF04-27CC1CB36D77}.Release|Any CPU.ActiveCfg = Release|Any CPU
		{DEE37B08-618D-46AA-AF04-27CC1CB36D77}.Release|Any CPU.Build.0 = Release|Any CPU
		{A8E8AFD6-A628-4DBC-9877-4050E4215961}.Debug|Any CPU.ActiveCfg = Debug|Any CPU
		{A8E8AFD6-A628-4DBC-9877-4050E4215961}.Debug|Any CPU.Build.0 = Debug|Any CPU
		{A8E8AFD6-A628-4DBC-9877-4050E4215961}.Release|Any CPU.ActiveCfg = Release|Any CPU
		{A8E8AFD6-A628-4DBC-9877-4050E4215961}.Release|Any CPU.Build.0 = Release|Any CPU
		{B2399EE9-ECD9-4791-A95B-85ACBC772883}.Debug|Any CPU.ActiveCfg = Debug|Any CPU
		{B2399EE9-ECD9-4791-A95B-85ACBC772883}.Debug|Any CPU.Build.0 = Debug|Any CPU
		{B2399EE9-ECD9-4791-A95B-85ACBC772883}.Release|Any CPU.ActiveCfg = Release|Any CPU
		{B2399EE9-ECD9-4791-A95B-85ACBC772883}.Release|Any CPU.Build.0 = Release|Any CPU
	EndGlobalSection
	GlobalSection(SolutionProperties) = preSolution
		HideSolutionNode = FALSE
	EndGlobalSection
EndGlobal
