
Microsoft Visual Studio Solution File, Format Version 12.00
# Visual Studio 15
VisualStudioVersion = 15.0.26430.6
MinimumVisualStudioVersion = 10.0.40219.1
Project("{FAE04EC0-301F-11D3-BF4B-00C04F79EFBC}") = "01.SingleInheritance", "01.SingleInheritance\01.SingleInheritance.csproj", "{916487F2-DEF9-49FF-AD4F-943FD810F667}"
EndProject
Project("{FAE04EC0-301F-11D3-BF4B-00C04F79EFBC}") = "02.MultipleInheritance", "02.MultipleInheritance\02.MultipleInheritance.csproj", "{BA936966-A864-40FB-9D9D-86D3EBD0453A}"
EndProject
Project("{FAE04EC0-301F-11D3-BF4B-00C04F79EFBC}") = "03.HierarchicalInheritance", "03.HierarchicalInheritance\03.HierarchicalInheritance.csproj", "{D3356C09-9491-4BE9-9F81-6F075D3E7905}"
EndProject
Global
	GlobalSection(SolutionConfigurationPlatforms) = preSolution
		Debug|Any CPU = Debug|Any CPU
		Release|Any CPU = Release|Any CPU
	EndGlobalSection
	GlobalSection(ProjectConfigurationPlatforms) = postSolution
		{916487F2-DEF9-49FF-AD4F-943FD810F667}.Debug|Any CPU.ActiveCfg = Debug|Any CPU
		{916487F2-DEF9-49FF-AD4F-943FD810F667}.Debug|Any CPU.Build.0 = Debug|Any CPU
		{916487F2-DEF9-49FF-AD4F-943FD810F667}.Release|Any CPU.ActiveCfg = Release|Any CPU
		{916487F2-DEF9-49FF-AD4F-943FD810F667}.Release|Any CPU.Build.0 = Release|Any CPU
		{BA936966-A864-40FB-9D9D-86D3EBD0453A}.Debug|Any CPU.ActiveCfg = Debug|Any CPU
		{BA936966-A864-40FB-9D9D-86D3EBD0453A}.Debug|Any CPU.Build.0 = Debug|Any CPU
		{BA936966-A864-40FB-9D9D-86D3EBD0453A}.Release|Any CPU.ActiveCfg = Release|Any CPU
		{BA936966-A864-40FB-9D9D-86D3EBD0453A}.Release|Any CPU.Build.0 = Release|Any CPU
		{D3356C09-9491-4BE9-9F81-6F075D3E7905}.Debug|Any CPU.ActiveCfg = Debug|Any CPU
		{D3356C09-9491-4BE9-9F81-6F075D3E7905}.Debug|Any CPU.Build.0 = Debug|Any CPU
		{D3356C09-9491-4BE9-9F81-6F075D3E7905}.Release|Any CPU.ActiveCfg = Release|Any CPU
		{D3356C09-9491-4BE9-9F81-6F075D3E7905}.Release|Any CPU.Build.0 = Release|Any CPU
	EndGlobalSection
	GlobalSection(SolutionProperties) = preSolution
		HideSolutionNode = FALSE
	EndGlobalSection
EndGlobal
