
Microsoft Visual Studio Solution File, Format Version 12.00
# Visual Studio 15
VisualStudioVersion = 15.0.26430.6
MinimumVisualStudioVersion = 10.0.40219.1
Project("{FAE04EC0-301F-11D3-BF4B-00C04F79EFBC}") = "01.ReverseString", "01.ReverseString\01.ReverseString.csproj", "{70E757A3-6116-473A-ACED-1B011DD2EF70}"
EndProject
Project("{FAE04EC0-301F-11D3-BF4B-00C04F79EFBC}") = "02.StringLength", "02.StringLength\02.StringLength.csproj", "{9FAB2A36-4B23-4CAD-8C61-9E9C2E7BA68B}"
EndProject
Project("{FAE04EC0-301F-11D3-BF4B-00C04F79EFBC}") = "03.FormattingNumbers", "03.FormattingNumbers\03.FormattingNumbers.csproj", "{C1F07E72-8AA5-4750-8357-E47F50CA16C5}"
EndProject
Project("{FAE04EC0-301F-11D3-BF4B-00C04F79EFBC}") = "04.ConvertFromBase10ToBaseN", "04.ConvertFromBase10ToBaseN\04.ConvertFromBase10ToBaseN.csproj", "{ACEBB9D7-68A5-4059-A644-6AA7F09FEE95}"
EndProject
Project("{FAE04EC0-301F-11D3-BF4B-00C04F79EFBC}") = "05.ConvertFromBaseNToBase10", "05.ConvertFromBaseNToBase10\05.ConvertFromBaseNToBase10.csproj", "{237920EB-A099-4C06-8E42-FF6E56BDB541}"
EndProject
Project("{FAE04EC0-301F-11D3-BF4B-00C04F79EFBC}") = "06.CountSubstringOccurances", "06.CountSubstringOccurances\06.CountSubstringOccurances.csproj", "{82860CFC-9EA3-485F-92AF-271809441101}"
EndProject
Project("{FAE04EC0-301F-11D3-BF4B-00C04F79EFBC}") = "07.SumBigNumbers", "07.SumBigNumbers\07.SumBigNumbers.csproj", "{403363B6-62CC-47C7-A637-DDE152B045EA}"
EndProject
Project("{FAE04EC0-301F-11D3-BF4B-00C04F79EFBC}") = "08.MultiplyBigNumber", "08.MultiplyBigNumber\08.MultiplyBigNumber.csproj", "{F3864A4F-2958-472D-9D2D-F983B104F9AA}"
EndProject
Project("{FAE04EC0-301F-11D3-BF4B-00C04F79EFBC}") = "09.TextFilter", "09.TextFilter\09.TextFilter.csproj", "{6E8F3835-895E-4F26-A781-9E52B4778B9E}"
EndProject
Project("{FAE04EC0-301F-11D3-BF4B-00C04F79EFBC}") = "10.UnicodeCharacters", "10.UnicodeCharacters\10.UnicodeCharacters.csproj", "{0E9EAD58-B6D3-45E2-B110-ED65A46DD8C4}"
EndProject
Project("{FAE04EC0-301F-11D3-BF4B-00C04F79EFBC}") = "11.Palindromes", "11.Palindromes\11.Palindromes.csproj", "{C82F1B58-7D01-43A0-9AEE-BD9B804F22B1}"
EndProject
Project("{FAE04EC0-301F-11D3-BF4B-00C04F79EFBC}") = "12.CharacterMultiplier", "12.CharacterMultiplier\12.CharacterMultiplier.csproj", "{A43073F5-4088-447B-AE72-B8B814C7A5E8}"
EndProject
Project("{FAE04EC0-301F-11D3-BF4B-00C04F79EFBC}") = "13.MagicExchangeableWords", "13.MagicExchangeableWords\13.MagicExchangeableWords.csproj", "{88A965BB-AAD7-46C7-9337-8B51FC5AE0FF}"
EndProject
Global
	GlobalSection(SolutionConfigurationPlatforms) = preSolution
		Debug|Any CPU = Debug|Any CPU
		Release|Any CPU = Release|Any CPU
	EndGlobalSection
	GlobalSection(ProjectConfigurationPlatforms) = postSolution
		{70E757A3-6116-473A-ACED-1B011DD2EF70}.Debug|Any CPU.ActiveCfg = Debug|Any CPU
		{70E757A3-6116-473A-ACED-1B011DD2EF70}.Debug|Any CPU.Build.0 = Debug|Any CPU
		{70E757A3-6116-473A-ACED-1B011DD2EF70}.Release|Any CPU.ActiveCfg = Release|Any CPU
		{70E757A3-6116-473A-ACED-1B011DD2EF70}.Release|Any CPU.Build.0 = Release|Any CPU
		{9FAB2A36-4B23-4CAD-8C61-9E9C2E7BA68B}.Debug|Any CPU.ActiveCfg = Debug|Any CPU
		{9FAB2A36-4B23-4CAD-8C61-9E9C2E7BA68B}.Debug|Any CPU.Build.0 = Debug|Any CPU
		{9FAB2A36-4B23-4CAD-8C61-9E9C2E7BA68B}.Release|Any CPU.ActiveCfg = Release|Any CPU
		{9FAB2A36-4B23-4CAD-8C61-9E9C2E7BA68B}.Release|Any CPU.Build.0 = Release|Any CPU
		{C1F07E72-8AA5-4750-8357-E47F50CA16C5}.Debug|Any CPU.ActiveCfg = Debug|Any CPU
		{C1F07E72-8AA5-4750-8357-E47F50CA16C5}.Debug|Any CPU.Build.0 = Debug|Any CPU
		{C1F07E72-8AA5-4750-8357-E47F50CA16C5}.Release|Any CPU.ActiveCfg = Release|Any CPU
		{C1F07E72-8AA5-4750-8357-E47F50CA16C5}.Release|Any CPU.Build.0 = Release|Any CPU
		{ACEBB9D7-68A5-4059-A644-6AA7F09FEE95}.Debug|Any CPU.ActiveCfg = Debug|Any CPU
		{ACEBB9D7-68A5-4059-A644-6AA7F09FEE95}.Debug|Any CPU.Build.0 = Debug|Any CPU
		{ACEBB9D7-68A5-4059-A644-6AA7F09FEE95}.Release|Any CPU.ActiveCfg = Release|Any CPU
		{ACEBB9D7-68A5-4059-A644-6AA7F09FEE95}.Release|Any CPU.Build.0 = Release|Any CPU
		{237920EB-A099-4C06-8E42-FF6E56BDB541}.Debug|Any CPU.ActiveCfg = Debug|Any CPU
		{237920EB-A099-4C06-8E42-FF6E56BDB541}.Debug|Any CPU.Build.0 = Debug|Any CPU
		{237920EB-A099-4C06-8E42-FF6E56BDB541}.Release|Any CPU.ActiveCfg = Release|Any CPU
		{237920EB-A099-4C06-8E42-FF6E56BDB541}.Release|Any CPU.Build.0 = Release|Any CPU
		{82860CFC-9EA3-485F-92AF-271809441101}.Debug|Any CPU.ActiveCfg = Debug|Any CPU
		{82860CFC-9EA3-485F-92AF-271809441101}.Debug|Any CPU.Build.0 = Debug|Any CPU
		{82860CFC-9EA3-485F-92AF-271809441101}.Release|Any CPU.ActiveCfg = Release|Any CPU
		{82860CFC-9EA3-485F-92AF-271809441101}.Release|Any CPU.Build.0 = Release|Any CPU
		{403363B6-62CC-47C7-A637-DDE152B045EA}.Debug|Any CPU.ActiveCfg = Debug|Any CPU
		{403363B6-62CC-47C7-A637-DDE152B045EA}.Debug|Any CPU.Build.0 = Debug|Any CPU
		{403363B6-62CC-47C7-A637-DDE152B045EA}.Release|Any CPU.ActiveCfg = Release|Any CPU
		{403363B6-62CC-47C7-A637-DDE152B045EA}.Release|Any CPU.Build.0 = Release|Any CPU
		{F3864A4F-2958-472D-9D2D-F983B104F9AA}.Debug|Any CPU.ActiveCfg = Debug|Any CPU
		{F3864A4F-2958-472D-9D2D-F983B104F9AA}.Debug|Any CPU.Build.0 = Debug|Any CPU
		{F3864A4F-2958-472D-9D2D-F983B104F9AA}.Release|Any CPU.ActiveCfg = Release|Any CPU
		{F3864A4F-2958-472D-9D2D-F983B104F9AA}.Release|Any CPU.Build.0 = Release|Any CPU
		{6E8F3835-895E-4F26-A781-9E52B4778B9E}.Debug|Any CPU.ActiveCfg = Debug|Any CPU
		{6E8F3835-895E-4F26-A781-9E52B4778B9E}.Debug|Any CPU.Build.0 = Debug|Any CPU
		{6E8F3835-895E-4F26-A781-9E52B4778B9E}.Release|Any CPU.ActiveCfg = Release|Any CPU
		{6E8F3835-895E-4F26-A781-9E52B4778B9E}.Release|Any CPU.Build.0 = Release|Any CPU
		{0E9EAD58-B6D3-45E2-B110-ED65A46DD8C4}.Debug|Any CPU.ActiveCfg = Debug|Any CPU
		{0E9EAD58-B6D3-45E2-B110-ED65A46DD8C4}.Debug|Any CPU.Build.0 = Debug|Any CPU
		{0E9EAD58-B6D3-45E2-B110-ED65A46DD8C4}.Release|Any CPU.ActiveCfg = Release|Any CPU
		{0E9EAD58-B6D3-45E2-B110-ED65A46DD8C4}.Release|Any CPU.Build.0 = Release|Any CPU
		{C82F1B58-7D01-43A0-9AEE-BD9B804F22B1}.Debug|Any CPU.ActiveCfg = Debug|Any CPU
		{C82F1B58-7D01-43A0-9AEE-BD9B804F22B1}.Debug|Any CPU.Build.0 = Debug|Any CPU
		{C82F1B58-7D01-43A0-9AEE-BD9B804F22B1}.Release|Any CPU.ActiveCfg = Release|Any CPU
		{C82F1B58-7D01-43A0-9AEE-BD9B804F22B1}.Release|Any CPU.Build.0 = Release|Any CPU
		{A43073F5-4088-447B-AE72-B8B814C7A5E8}.Debug|Any CPU.ActiveCfg = Debug|Any CPU
		{A43073F5-4088-447B-AE72-B8B814C7A5E8}.Debug|Any CPU.Build.0 = Debug|Any CPU
		{A43073F5-4088-447B-AE72-B8B814C7A5E8}.Release|Any CPU.ActiveCfg = Release|Any CPU
		{A43073F5-4088-447B-AE72-B8B814C7A5E8}.Release|Any CPU.Build.0 = Release|Any CPU
		{88A965BB-AAD7-46C7-9337-8B51FC5AE0FF}.Debug|Any CPU.ActiveCfg = Debug|Any CPU
		{88A965BB-AAD7-46C7-9337-8B51FC5AE0FF}.Debug|Any CPU.Build.0 = Debug|Any CPU
		{88A965BB-AAD7-46C7-9337-8B51FC5AE0FF}.Release|Any CPU.ActiveCfg = Release|Any CPU
		{88A965BB-AAD7-46C7-9337-8B51FC5AE0FF}.Release|Any CPU.Build.0 = Release|Any CPU
	EndGlobalSection
	GlobalSection(SolutionProperties) = preSolution
		HideSolutionNode = FALSE
	EndGlobalSection
EndGlobal
