
Microsoft Visual Studio Solution File, Format Version 12.00
# Visual Studio 14
VisualStudioVersion = 14.0.25420.1
MinimumVisualStudioVersion = 10.0.40219.1
Project("{FAE04EC0-301F-11D3-BF4B-00C04F79EFBC}") = "DreamItem", "DreamItem\DreamItem.csproj", "{71AC5536-C176-4431-8A6B-4C77946A8441}"
EndProject
Project("{FAE04EC0-301F-11D3-BF4B-00C04F79EFBC}") = "GrandTheftExamo", "GrandTheftExamo\GrandTheftExamo.csproj", "{A6930B00-C7A2-4AE6-9515-B8DA3773AE87}"
EndProject
Global
	GlobalSection(SolutionConfigurationPlatforms) = preSolution
		Debug|Any CPU = Debug|Any CPU
		Release|Any CPU = Release|Any CPU
	EndGlobalSection
	GlobalSection(ProjectConfigurationPlatforms) = postSolution
		{71AC5536-C176-4431-8A6B-4C77946A8441}.Debug|Any CPU.ActiveCfg = Debug|Any CPU
		{71AC5536-C176-4431-8A6B-4C77946A8441}.Debug|Any CPU.Build.0 = Debug|Any CPU
		{71AC5536-C176-4431-8A6B-4C77946A8441}.Release|Any CPU.ActiveCfg = Release|Any CPU
		{71AC5536-C176-4431-8A6B-4C77946A8441}.Release|Any CPU.Build.0 = Release|Any CPU
		{A6930B00-C7A2-4AE6-9515-B8DA3773AE87}.Debug|Any CPU.ActiveCfg = Debug|Any CPU
		{A6930B00-C7A2-4AE6-9515-B8DA3773AE87}.Debug|Any CPU.Build.0 = Debug|Any CPU
		{A6930B00-C7A2-4AE6-9515-B8DA3773AE87}.Release|Any CPU.ActiveCfg = Release|Any CPU
		{A6930B00-C7A2-4AE6-9515-B8DA3773AE87}.Release|Any CPU.Build.0 = Release|Any CPU
	EndGlobalSection
	GlobalSection(SolutionProperties) = preSolution
		HideSolutionNode = FALSE
	EndGlobalSection
EndGlobal
