
Microsoft Visual Studio Solution File, Format Version 12.00
# Visual Studio 15
VisualStudioVersion = 15.0.26430.6
MinimumVisualStudioVersion = 10.0.40219.1
Project("{FAE04EC0-301F-11D3-BF4B-00C04F79EFBC}") = "01.ActionPrint", "01.ActionPrint\01.ActionPrint.csproj", "{F717ED08-936E-491F-83DE-E312986756AB}"
EndProject
Project("{FAE04EC0-301F-11D3-BF4B-00C04F79EFBC}") = "02.KnightsOfHonor", "02.KnightsOfHonor\02.KnightsOfHonor.csproj", "{CC16C7D9-F204-4013-B15F-4629549D67A7}"
EndProject
Project("{FAE04EC0-301F-11D3-BF4B-00C04F79EFBC}") = "03.CustomMinFunction", "03.CustomMinFunction\03.CustomMinFunction.csproj", "{5B296D49-5696-408B-AEA7-57FDE28BEF1D}"
EndProject
Project("{FAE04EC0-301F-11D3-BF4B-00C04F79EFBC}") = "04.FindEvensOrOdds", "04.FindEvensOrOdds\04.FindEvensOrOdds.csproj", "{4F5E9971-C686-4C36-B856-22E17979CF91}"
EndProject
Project("{FAE04EC0-301F-11D3-BF4B-00C04F79EFBC}") = "05.AppliedArithmetics", "05.AppliedArithmetics\05.AppliedArithmetics.csproj", "{60E30581-8893-4793-A6A4-40F42F6DF123}"
EndProject
Global
	GlobalSection(SolutionConfigurationPlatforms) = preSolution
		Debug|Any CPU = Debug|Any CPU
		Release|Any CPU = Release|Any CPU
	EndGlobalSection
	GlobalSection(ProjectConfigurationPlatforms) = postSolution
		{F717ED08-936E-491F-83DE-E312986756AB}.Debug|Any CPU.ActiveCfg = Debug|Any CPU
		{F717ED08-936E-491F-83DE-E312986756AB}.Debug|Any CPU.Build.0 = Debug|Any CPU
		{F717ED08-936E-491F-83DE-E312986756AB}.Release|Any CPU.ActiveCfg = Release|Any CPU
		{F717ED08-936E-491F-83DE-E312986756AB}.Release|Any CPU.Build.0 = Release|Any CPU
		{CC16C7D9-F204-4013-B15F-4629549D67A7}.Debug|Any CPU.ActiveCfg = Debug|Any CPU
		{CC16C7D9-F204-4013-B15F-4629549D67A7}.Debug|Any CPU.Build.0 = Debug|Any CPU
		{CC16C7D9-F204-4013-B15F-4629549D67A7}.Release|Any CPU.ActiveCfg = Release|Any CPU
		{CC16C7D9-F204-4013-B15F-4629549D67A7}.Release|Any CPU.Build.0 = Release|Any CPU
		{5B296D49-5696-408B-AEA7-57FDE28BEF1D}.Debug|Any CPU.ActiveCfg = Debug|Any CPU
		{5B296D49-5696-408B-AEA7-57FDE28BEF1D}.Debug|Any CPU.Build.0 = Debug|Any CPU
		{5B296D49-5696-408B-AEA7-57FDE28BEF1D}.Release|Any CPU.ActiveCfg = Release|Any CPU
		{5B296D49-5696-408B-AEA7-57FDE28BEF1D}.Release|Any CPU.Build.0 = Release|Any CPU
		{4F5E9971-C686-4C36-B856-22E17979CF91}.Debug|Any CPU.ActiveCfg = Debug|Any CPU
		{4F5E9971-C686-4C36-B856-22E17979CF91}.Debug|Any CPU.Build.0 = Debug|Any CPU
		{4F5E9971-C686-4C36-B856-22E17979CF91}.Release|Any CPU.ActiveCfg = Release|Any CPU
		{4F5E9971-C686-4C36-B856-22E17979CF91}.Release|Any CPU.Build.0 = Release|Any CPU
		{60E30581-8893-4793-A6A4-40F42F6DF123}.Debug|Any CPU.ActiveCfg = Debug|Any CPU
		{60E30581-8893-4793-A6A4-40F42F6DF123}.Debug|Any CPU.Build.0 = Debug|Any CPU
		{60E30581-8893-4793-A6A4-40F42F6DF123}.Release|Any CPU.ActiveCfg = Release|Any CPU
		{60E30581-8893-4793-A6A4-40F42F6DF123}.Release|Any CPU.Build.0 = Release|Any CPU
	EndGlobalSection
	GlobalSection(SolutionProperties) = preSolution
		HideSolutionNode = FALSE
	EndGlobalSection
EndGlobal
