
Microsoft Visual Studio Solution File, Format Version 12.00
# Visual Studio 15
VisualStudioVersion = 15.0.26430.6
MinimumVisualStudioVersion = 10.0.40219.1
Project("{FAE04EC0-301F-11D3-BF4B-00C04F79EFBC}") = "01.MatchFullName", "01.MatchFullName\01.MatchFullName.csproj", "{651E7424-B43A-4C7B-8936-E39152C69886}"
EndProject
Project("{FAE04EC0-301F-11D3-BF4B-00C04F79EFBC}") = "02.MatchPhoneNumber", "02.MatchPhoneNumber\02.MatchPhoneNumber.csproj", "{D2384B85-0725-4D9C-AC9A-3DFB04813357}"
EndProject
Project("{FAE04EC0-301F-11D3-BF4B-00C04F79EFBC}") = "03.SeriesOfLetters", "03.SeriesOfLetters\03.SeriesOfLetters.csproj", "{30BCC375-5A69-43CE-B765-02556599FD51}"
EndProject
Project("{FAE04EC0-301F-11D3-BF4B-00C04F79EFBC}") = "04.ReplaceATag", "04.ReplaceATag\04.ReplaceATag.csproj", "{899676DA-C8E3-462B-8F45-B20DD7A3218C}"
EndProject
Project("{FAE04EC0-301F-11D3-BF4B-00C04F79EFBC}") = "05.ExtractEmails", "05.ExtractEmails\05.ExtractEmails.csproj", "{1A8C6B98-C2F4-43D7-A8F7-B42CCA20CE8D}"
EndProject
Global
	GlobalSection(SolutionConfigurationPlatforms) = preSolution
		Debug|Any CPU = Debug|Any CPU
		Release|Any CPU = Release|Any CPU
	EndGlobalSection
	GlobalSection(ProjectConfigurationPlatforms) = postSolution
		{651E7424-B43A-4C7B-8936-E39152C69886}.Debug|Any CPU.ActiveCfg = Debug|Any CPU
		{651E7424-B43A-4C7B-8936-E39152C69886}.Debug|Any CPU.Build.0 = Debug|Any CPU
		{651E7424-B43A-4C7B-8936-E39152C69886}.Release|Any CPU.ActiveCfg = Release|Any CPU
		{651E7424-B43A-4C7B-8936-E39152C69886}.Release|Any CPU.Build.0 = Release|Any CPU
		{D2384B85-0725-4D9C-AC9A-3DFB04813357}.Debug|Any CPU.ActiveCfg = Debug|Any CPU
		{D2384B85-0725-4D9C-AC9A-3DFB04813357}.Debug|Any CPU.Build.0 = Debug|Any CPU
		{D2384B85-0725-4D9C-AC9A-3DFB04813357}.Release|Any CPU.ActiveCfg = Release|Any CPU
		{D2384B85-0725-4D9C-AC9A-3DFB04813357}.Release|Any CPU.Build.0 = Release|Any CPU
		{30BCC375-5A69-43CE-B765-02556599FD51}.Debug|Any CPU.ActiveCfg = Debug|Any CPU
		{30BCC375-5A69-43CE-B765-02556599FD51}.Debug|Any CPU.Build.0 = Debug|Any CPU
		{30BCC375-5A69-43CE-B765-02556599FD51}.Release|Any CPU.ActiveCfg = Release|Any CPU
		{30BCC375-5A69-43CE-B765-02556599FD51}.Release|Any CPU.Build.0 = Release|Any CPU
		{899676DA-C8E3-462B-8F45-B20DD7A3218C}.Debug|Any CPU.ActiveCfg = Debug|Any CPU
		{899676DA-C8E3-462B-8F45-B20DD7A3218C}.Debug|Any CPU.Build.0 = Debug|Any CPU
		{899676DA-C8E3-462B-8F45-B20DD7A3218C}.Release|Any CPU.ActiveCfg = Release|Any CPU
		{899676DA-C8E3-462B-8F45-B20DD7A3218C}.Release|Any CPU.Build.0 = Release|Any CPU
		{1A8C6B98-C2F4-43D7-A8F7-B42CCA20CE8D}.Debug|Any CPU.ActiveCfg = Debug|Any CPU
		{1A8C6B98-C2F4-43D7-A8F7-B42CCA20CE8D}.Debug|Any CPU.Build.0 = Debug|Any CPU
		{1A8C6B98-C2F4-43D7-A8F7-B42CCA20CE8D}.Release|Any CPU.ActiveCfg = Release|Any CPU
		{1A8C6B98-C2F4-43D7-A8F7-B42CCA20CE8D}.Release|Any CPU.Build.0 = Release|Any CPU
	EndGlobalSection
	GlobalSection(SolutionProperties) = preSolution
		HideSolutionNode = FALSE
	EndGlobalSection
EndGlobal
