
Microsoft Visual Studio Solution File, Format Version 12.00
# Visual Studio 15
VisualStudioVersion = 15.0.26430.6
MinimumVisualStudioVersion = 10.0.40219.1
Project("{FAE04EC0-301F-11D3-BF4B-00C04F79EFBC}") = "01.TakeTwo", "01.TakeTwo\01.TakeTwo.csproj", "{41BAC059-BB6E-45EE-B27B-01E37C1D9607}"
EndProject
Project("{FAE04EC0-301F-11D3-BF4B-00C04F79EFBC}") = "02.UpperStrings", "02.UpperStrings\02.UpperStrings.csproj", "{E1977F33-826C-4C80-B913-C66AFAAB775C}"
EndProject
Project("{FAE04EC0-301F-11D3-BF4B-00C04F79EFBC}") = "03.FirstName", "03.FirstName\03.FirstName.csproj", "{F2A1CF02-29DB-4037-B2B2-5EB88286A218}"
EndProject
Project("{FAE04EC0-301F-11D3-BF4B-00C04F79EFBC}") = "04.AverageOfDoubles", "04.AverageOfDoubles\04.AverageOfDoubles.csproj", "{D0A89F5F-F141-4CF4-ACF1-BD49ED699C87}"
EndProject
Global
	GlobalSection(SolutionConfigurationPlatforms) = preSolution
		Debug|Any CPU = Debug|Any CPU
		Release|Any CPU = Release|Any CPU
	EndGlobalSection
	GlobalSection(ProjectConfigurationPlatforms) = postSolution
		{41BAC059-BB6E-45EE-B27B-01E37C1D9607}.Debug|Any CPU.ActiveCfg = Debug|Any CPU
		{41BAC059-BB6E-45EE-B27B-01E37C1D9607}.Debug|Any CPU.Build.0 = Debug|Any CPU
		{41BAC059-BB6E-45EE-B27B-01E37C1D9607}.Release|Any CPU.ActiveCfg = Release|Any CPU
		{41BAC059-BB6E-45EE-B27B-01E37C1D9607}.Release|Any CPU.Build.0 = Release|Any CPU
		{E1977F33-826C-4C80-B913-C66AFAAB775C}.Debug|Any CPU.ActiveCfg = Debug|Any CPU
		{E1977F33-826C-4C80-B913-C66AFAAB775C}.Debug|Any CPU.Build.0 = Debug|Any CPU
		{E1977F33-826C-4C80-B913-C66AFAAB775C}.Release|Any CPU.ActiveCfg = Release|Any CPU
		{E1977F33-826C-4C80-B913-C66AFAAB775C}.Release|Any CPU.Build.0 = Release|Any CPU
		{F2A1CF02-29DB-4037-B2B2-5EB88286A218}.Debug|Any CPU.ActiveCfg = Debug|Any CPU
		{F2A1CF02-29DB-4037-B2B2-5EB88286A218}.Debug|Any CPU.Build.0 = Debug|Any CPU
		{F2A1CF02-29DB-4037-B2B2-5EB88286A218}.Release|Any CPU.ActiveCfg = Release|Any CPU
		{F2A1CF02-29DB-4037-B2B2-5EB88286A218}.Release|Any CPU.Build.0 = Release|Any CPU
		{D0A89F5F-F141-4CF4-ACF1-BD49ED699C87}.Debug|Any CPU.ActiveCfg = Debug|Any CPU
		{D0A89F5F-F141-4CF4-ACF1-BD49ED699C87}.Debug|Any CPU.Build.0 = Debug|Any CPU
		{D0A89F5F-F141-4CF4-ACF1-BD49ED699C87}.Release|Any CPU.ActiveCfg = Release|Any CPU
		{D0A89F5F-F141-4CF4-ACF1-BD49ED699C87}.Release|Any CPU.Build.0 = Release|Any CPU
	EndGlobalSection
	GlobalSection(SolutionProperties) = preSolution
		HideSolutionNode = FALSE
	EndGlobalSection
EndGlobal
