
Microsoft Visual Studio Solution File, Format Version 12.00
# Visual Studio 14
VisualStudioVersion = 14.0.25420.1
MinimumVisualStudioVersion = 10.0.40219.1
Project("{FAE04EC0-301F-11D3-BF4B-00C04F79EFBC}") = "01.PracticeIntegers", "01.PracticeIntegers\01.PracticeIntegers.csproj", "{0C0AF8DA-D39F-4EDF-A9C1-1BEDC4269CA2}"
EndProject
Project("{FAE04EC0-301F-11D3-BF4B-00C04F79EFBC}") = "02.PracticeFloatingPoints", "02.PracticeFloatingPoints\02.PracticeFloatingPoints.csproj", "{C9E7B93B-6F14-4487-A0A6-BBBEB2791798}"
EndProject
Project("{FAE04EC0-301F-11D3-BF4B-00C04F79EFBC}") = "03.PracticeCharsAndStrings", "03.PracticeCharsAndStrings\03.PracticeCharsAndStrings.csproj", "{F853A7C6-8D67-4473-9496-52819188CDBB}"
EndProject
Project("{FAE04EC0-301F-11D3-BF4B-00C04F79EFBC}") = "04.VariableInHexFormat", "04.VariableInHexFormat\04.VariableInHexFormat.csproj", "{4D30C23F-FEE7-4A5B-904E-9CA6D40FCEDC}"
EndProject
Project("{FAE04EC0-301F-11D3-BF4B-00C04F79EFBC}") = "05.BooleanVariable", "05.BooleanVariable\05.BooleanVariable.csproj", "{BF2D0B2E-7924-4935-924B-9BD555DFFAA5}"
EndProject
Project("{FAE04EC0-301F-11D3-BF4B-00C04F79EFBC}") = "06.StringsAndObjects", "06.StringsAndObjects\06.StringsAndObjects.csproj", "{67A60787-C642-4657-A9C5-F353139D1105}"
EndProject
Project("{FAE04EC0-301F-11D3-BF4B-00C04F79EFBC}") = "07.ExchangeVariableValues", "07.ExchangeVariableValues\07.ExchangeVariableValues.csproj", "{DE2EF5F2-DA9E-4E4B-9E8B-7C744658E799}"
EndProject
Project("{FAE04EC0-301F-11D3-BF4B-00C04F79EFBC}") = "08.EmployeeData", "08.EmployeeData\08.EmployeeData.csproj", "{CA5546D0-F494-4708-BF5C-3DF72AF0E237}"
EndProject
Project("{FAE04EC0-301F-11D3-BF4B-00C04F79EFBC}") = "09.ReverseCharacters", "09.ReverseCharacters\09.ReverseCharacters.csproj", "{86A3DB8B-CAE4-4920-8253-E99521E061A5}"
EndProject
Project("{FAE04EC0-301F-11D3-BF4B-00C04F79EFBC}") = "10.CenturiesToNanoseconds", "10.CenturiesToNanoseconds\10.CenturiesToNanoseconds.csproj", "{B0E960E1-5A56-4E57-95FE-EED70F20C78D}"
EndProject
Project("{FAE04EC0-301F-11D3-BF4B-00C04F79EFBC}") = "11.ConvertSpeedUnits", "11.ConvertSpeedUnits\11.ConvertSpeedUnits.csproj", "{E5D4CFF2-C9F5-40DB-955A-31B98191BE45}"
EndProject
Project("{FAE04EC0-301F-11D3-BF4B-00C04F79EFBC}") = "12.RectangleProperties", "12.RectangleProperties\12.RectangleProperties.csproj", "{DC7B01AA-B533-44BE-9657-7FBE685998E8}"
EndProject
Project("{FAE04EC0-301F-11D3-BF4B-00C04F79EFBC}") = "VowelOrDigit", "VowelOrDigit\VowelOrDigit.csproj", "{9D1D80B9-74D7-499D-8693-2EC62B45B4E5}"
EndProject
Project("{FAE04EC0-301F-11D3-BF4B-00C04F79EFBC}") = "14.IntegerToHexAndBinary", "14.IntegerToHexAndBinary\14.IntegerToHexAndBinary.csproj", "{36D6BB47-C83C-4E10-B2F5-6723557A4A3B}"
EndProject
Project("{FAE04EC0-301F-11D3-BF4B-00C04F79EFBC}") = "15.FastPrimeCheckerRefactor", "15.FastPrimeCheckerRefactor\15.FastPrimeCheckerRefactor.csproj", "{11377118-4310-49D3-B59B-98A974725B46}"
EndProject
Global
	GlobalSection(SolutionConfigurationPlatforms) = preSolution
		Debug|Any CPU = Debug|Any CPU
		Release|Any CPU = Release|Any CPU
	EndGlobalSection
	GlobalSection(ProjectConfigurationPlatforms) = postSolution
		{0C0AF8DA-D39F-4EDF-A9C1-1BEDC4269CA2}.Debug|Any CPU.ActiveCfg = Debug|Any CPU
		{0C0AF8DA-D39F-4EDF-A9C1-1BEDC4269CA2}.Debug|Any CPU.Build.0 = Debug|Any CPU
		{0C0AF8DA-D39F-4EDF-A9C1-1BEDC4269CA2}.Release|Any CPU.ActiveCfg = Release|Any CPU
		{0C0AF8DA-D39F-4EDF-A9C1-1BEDC4269CA2}.Release|Any CPU.Build.0 = Release|Any CPU
		{C9E7B93B-6F14-4487-A0A6-BBBEB2791798}.Debug|Any CPU.ActiveCfg = Debug|Any CPU
		{C9E7B93B-6F14-4487-A0A6-BBBEB2791798}.Debug|Any CPU.Build.0 = Debug|Any CPU
		{C9E7B93B-6F14-4487-A0A6-BBBEB2791798}.Release|Any CPU.ActiveCfg = Release|Any CPU
		{C9E7B93B-6F14-4487-A0A6-BBBEB2791798}.Release|Any CPU.Build.0 = Release|Any CPU
		{F853A7C6-8D67-4473-9496-52819188CDBB}.Debug|Any CPU.ActiveCfg = Debug|Any CPU
		{F853A7C6-8D67-4473-9496-52819188CDBB}.Debug|Any CPU.Build.0 = Debug|Any CPU
		{F853A7C6-8D67-4473-9496-52819188CDBB}.Release|Any CPU.ActiveCfg = Release|Any CPU
		{F853A7C6-8D67-4473-9496-52819188CDBB}.Release|Any CPU.Build.0 = Release|Any CPU
		{4D30C23F-FEE7-4A5B-904E-9CA6D40FCEDC}.Debug|Any CPU.ActiveCfg = Debug|Any CPU
		{4D30C23F-FEE7-4A5B-904E-9CA6D40FCEDC}.Debug|Any CPU.Build.0 = Debug|Any CPU
		{4D30C23F-FEE7-4A5B-904E-9CA6D40FCEDC}.Release|Any CPU.ActiveCfg = Release|Any CPU
		{4D30C23F-FEE7-4A5B-904E-9CA6D40FCEDC}.Release|Any CPU.Build.0 = Release|Any CPU
		{BF2D0B2E-7924-4935-924B-9BD555DFFAA5}.Debug|Any CPU.ActiveCfg = Debug|Any CPU
		{BF2D0B2E-7924-4935-924B-9BD555DFFAA5}.Debug|Any CPU.Build.0 = Debug|Any CPU
		{BF2D0B2E-7924-4935-924B-9BD555DFFAA5}.Release|Any CPU.ActiveCfg = Release|Any CPU
		{BF2D0B2E-7924-4935-924B-9BD555DFFAA5}.Release|Any CPU.Build.0 = Release|Any CPU
		{67A60787-C642-4657-A9C5-F353139D1105}.Debug|Any CPU.ActiveCfg = Debug|Any CPU
		{67A60787-C642-4657-A9C5-F353139D1105}.Debug|Any CPU.Build.0 = Debug|Any CPU
		{67A60787-C642-4657-A9C5-F353139D1105}.Release|Any CPU.ActiveCfg = Release|Any CPU
		{67A60787-C642-4657-A9C5-F353139D1105}.Release|Any CPU.Build.0 = Release|Any CPU
		{DE2EF5F2-DA9E-4E4B-9E8B-7C744658E799}.Debug|Any CPU.ActiveCfg = Debug|Any CPU
		{DE2EF5F2-DA9E-4E4B-9E8B-7C744658E799}.Debug|Any CPU.Build.0 = Debug|Any CPU
		{DE2EF5F2-DA9E-4E4B-9E8B-7C744658E799}.Release|Any CPU.ActiveCfg = Release|Any CPU
		{DE2EF5F2-DA9E-4E4B-9E8B-7C744658E799}.Release|Any CPU.Build.0 = Release|Any CPU
		{CA5546D0-F494-4708-BF5C-3DF72AF0E237}.Debug|Any CPU.ActiveCfg = Debug|Any CPU
		{CA5546D0-F494-4708-BF5C-3DF72AF0E237}.Debug|Any CPU.Build.0 = Debug|Any CPU
		{CA5546D0-F494-4708-BF5C-3DF72AF0E237}.Release|Any CPU.ActiveCfg = Release|Any CPU
		{CA5546D0-F494-4708-BF5C-3DF72AF0E237}.Release|Any CPU.Build.0 = Release|Any CPU
		{86A3DB8B-CAE4-4920-8253-E99521E061A5}.Debug|Any CPU.ActiveCfg = Debug|Any CPU
		{86A3DB8B-CAE4-4920-8253-E99521E061A5}.Debug|Any CPU.Build.0 = Debug|Any CPU
		{86A3DB8B-CAE4-4920-8253-E99521E061A5}.Release|Any CPU.ActiveCfg = Release|Any CPU
		{86A3DB8B-CAE4-4920-8253-E99521E061A5}.Release|Any CPU.Build.0 = Release|Any CPU
		{B0E960E1-5A56-4E57-95FE-EED70F20C78D}.Debug|Any CPU.ActiveCfg = Debug|Any CPU
		{B0E960E1-5A56-4E57-95FE-EED70F20C78D}.Debug|Any CPU.Build.0 = Debug|Any CPU
		{B0E960E1-5A56-4E57-95FE-EED70F20C78D}.Release|Any CPU.ActiveCfg = Release|Any CPU
		{B0E960E1-5A56-4E57-95FE-EED70F20C78D}.Release|Any CPU.Build.0 = Release|Any CPU
		{E5D4CFF2-C9F5-40DB-955A-31B98191BE45}.Debug|Any CPU.ActiveCfg = Debug|Any CPU
		{E5D4CFF2-C9F5-40DB-955A-31B98191BE45}.Debug|Any CPU.Build.0 = Debug|Any CPU
		{E5D4CFF2-C9F5-40DB-955A-31B98191BE45}.Release|Any CPU.ActiveCfg = Release|Any CPU
		{E5D4CFF2-C9F5-40DB-955A-31B98191BE45}.Release|Any CPU.Build.0 = Release|Any CPU
		{DC7B01AA-B533-44BE-9657-7FBE685998E8}.Debug|Any CPU.ActiveCfg = Debug|Any CPU
		{DC7B01AA-B533-44BE-9657-7FBE685998E8}.Debug|Any CPU.Build.0 = Debug|Any CPU
		{DC7B01AA-B533-44BE-9657-7FBE685998E8}.Release|Any CPU.ActiveCfg = Release|Any CPU
		{DC7B01AA-B533-44BE-9657-7FBE685998E8}.Release|Any CPU.Build.0 = Release|Any CPU
		{9D1D80B9-74D7-499D-8693-2EC62B45B4E5}.Debug|Any CPU.ActiveCfg = Debug|Any CPU
		{9D1D80B9-74D7-499D-8693-2EC62B45B4E5}.Debug|Any CPU.Build.0 = Debug|Any CPU
		{9D1D80B9-74D7-499D-8693-2EC62B45B4E5}.Release|Any CPU.ActiveCfg = Release|Any CPU
		{9D1D80B9-74D7-499D-8693-2EC62B45B4E5}.Release|Any CPU.Build.0 = Release|Any CPU
		{36D6BB47-C83C-4E10-B2F5-6723557A4A3B}.Debug|Any CPU.ActiveCfg = Debug|Any CPU
		{36D6BB47-C83C-4E10-B2F5-6723557A4A3B}.Debug|Any CPU.Build.0 = Debug|Any CPU
		{36D6BB47-C83C-4E10-B2F5-6723557A4A3B}.Release|Any CPU.ActiveCfg = Release|Any CPU
		{36D6BB47-C83C-4E10-B2F5-6723557A4A3B}.Release|Any CPU.Build.0 = Release|Any CPU
		{11377118-4310-49D3-B59B-98A974725B46}.Debug|Any CPU.ActiveCfg = Debug|Any CPU
		{11377118-4310-49D3-B59B-98A974725B46}.Debug|Any CPU.Build.0 = Debug|Any CPU
		{11377118-4310-49D3-B59B-98A974725B46}.Release|Any CPU.ActiveCfg = Release|Any CPU
		{11377118-4310-49D3-B59B-98A974725B46}.Release|Any CPU.Build.0 = Release|Any CPU
	EndGlobalSection
	GlobalSection(SolutionProperties) = preSolution
		HideSolutionNode = FALSE
	EndGlobalSection
EndGlobal
