
Microsoft Visual Studio Solution File, Format Version 12.00
# Visual Studio 15
VisualStudioVersion = 15.0.26430.6
MinimumVisualStudioVersion = 10.0.40219.1
Project("{FAE04EC0-301F-11D3-BF4B-00C04F79EFBC}") = "01.StudentsResults", "01.StudentsResults\01.StudentsResults.csproj", "{D6008BB4-832E-41B0-9CC1-A1E00951C756}"
EndProject
Project("{FAE04EC0-301F-11D3-BF4B-00C04F79EFBC}") = "02.ParseURLs", "02.ParseURLs\02.ParseURLs.csproj", "{B2A612E4-6DB4-49B6-97C9-D4091CEA316E}"
EndProject
Project("{FAE04EC0-301F-11D3-BF4B-00C04F79EFBC}") = "03.ParseTags", "03.ParseTags\03.ParseTags.csproj", "{19B82F66-BBD3-4D8F-8B33-D70B9A2D5AE4}"
EndProject
Project("{FAE04EC0-301F-11D3-BF4B-00C04F79EFBC}") = "04.SpecialWords", "04.SpecialWords\04.SpecialWords.csproj", "{2A6BAA16-017D-460C-8C12-588A13F01243}"
EndProject
Project("{FAE04EC0-301F-11D3-BF4B-00C04F79EFBC}") = "05.ConcatenateStrings", "05.ConcatenateStrings\05.ConcatenateStrings.csproj", "{246B4D71-433F-4BE5-9116-9020E08B1C84}"
EndProject
Global
	GlobalSection(SolutionConfigurationPlatforms) = preSolution
		Debug|Any CPU = Debug|Any CPU
		Release|Any CPU = Release|Any CPU
	EndGlobalSection
	GlobalSection(ProjectConfigurationPlatforms) = postSolution
		{D6008BB4-832E-41B0-9CC1-A1E00951C756}.Debug|Any CPU.ActiveCfg = Debug|Any CPU
		{D6008BB4-832E-41B0-9CC1-A1E00951C756}.Debug|Any CPU.Build.0 = Debug|Any CPU
		{D6008BB4-832E-41B0-9CC1-A1E00951C756}.Release|Any CPU.ActiveCfg = Release|Any CPU
		{D6008BB4-832E-41B0-9CC1-A1E00951C756}.Release|Any CPU.Build.0 = Release|Any CPU
		{B2A612E4-6DB4-49B6-97C9-D4091CEA316E}.Debug|Any CPU.ActiveCfg = Debug|Any CPU
		{B2A612E4-6DB4-49B6-97C9-D4091CEA316E}.Debug|Any CPU.Build.0 = Debug|Any CPU
		{B2A612E4-6DB4-49B6-97C9-D4091CEA316E}.Release|Any CPU.ActiveCfg = Release|Any CPU
		{B2A612E4-6DB4-49B6-97C9-D4091CEA316E}.Release|Any CPU.Build.0 = Release|Any CPU
		{19B82F66-BBD3-4D8F-8B33-D70B9A2D5AE4}.Debug|Any CPU.ActiveCfg = Debug|Any CPU
		{19B82F66-BBD3-4D8F-8B33-D70B9A2D5AE4}.Debug|Any CPU.Build.0 = Debug|Any CPU
		{19B82F66-BBD3-4D8F-8B33-D70B9A2D5AE4}.Release|Any CPU.ActiveCfg = Release|Any CPU
		{19B82F66-BBD3-4D8F-8B33-D70B9A2D5AE4}.Release|Any CPU.Build.0 = Release|Any CPU
		{2A6BAA16-017D-460C-8C12-588A13F01243}.Debug|Any CPU.ActiveCfg = Debug|Any CPU
		{2A6BAA16-017D-460C-8C12-588A13F01243}.Debug|Any CPU.Build.0 = Debug|Any CPU
		{2A6BAA16-017D-460C-8C12-588A13F01243}.Release|Any CPU.ActiveCfg = Release|Any CPU
		{2A6BAA16-017D-460C-8C12-588A13F01243}.Release|Any CPU.Build.0 = Release|Any CPU
		{246B4D71-433F-4BE5-9116-9020E08B1C84}.Debug|Any CPU.ActiveCfg = Debug|Any CPU
		{246B4D71-433F-4BE5-9116-9020E08B1C84}.Debug|Any CPU.Build.0 = Debug|Any CPU
		{246B4D71-433F-4BE5-9116-9020E08B1C84}.Release|Any CPU.ActiveCfg = Release|Any CPU
		{246B4D71-433F-4BE5-9116-9020E08B1C84}.Release|Any CPU.Build.0 = Release|Any CPU
	EndGlobalSection
	GlobalSection(SolutionProperties) = preSolution
		HideSolutionNode = FALSE
	EndGlobalSection
EndGlobal
