
Microsoft Visual Studio Solution File, Format Version 12.00
# Visual Studio 14
VisualStudioVersion = 14.0.25420.1
MinimumVisualStudioVersion = 10.0.40219.1
Project("{FAE04EC0-301F-11D3-BF4B-00C04F79EFBC}") = "02.MaxMethod", "02.MaxMethod\02.MaxMethod.csproj", "{CC38EEE7-09B1-4605-9ED5-0767D2298C48}"
EndProject
Project("{FAE04EC0-301F-11D3-BF4B-00C04F79EFBC}") = "01.HelloName", "01.HelloName\01.HelloName.csproj", "{43BCC7B8-4D60-4A5E-BBFB-C8BEC0E24BCC}"
EndProject
Project("{FAE04EC0-301F-11D3-BF4B-00C04F79EFBC}") = "03.EnglishNameOfTheLastDigit", "03.EnglishNameOfTheLastDigit\03.EnglishNameOfTheLastDigit.csproj", "{4157B0C9-2FCB-4180-9CFB-C94005D60D73}"
EndProject
Project("{FAE04EC0-301F-11D3-BF4B-00C04F79EFBC}") = "04.NumbersInReversedOrder", "04.NumbersInReversedOrder\04.NumbersInReversedOrder.csproj", "{A70E7E33-6D91-4EF3-BB9B-ECB777308BCB}"
EndProject
Project("{FAE04EC0-301F-11D3-BF4B-00C04F79EFBC}") = "05.FibonacciNumber", "05.FibonacciNumber\05.FibonacciNumber.csproj", "{D8DDBFA3-23AC-4BFF-89CB-E17536126FAA}"
EndProject
Project("{FAE04EC0-301F-11D3-BF4B-00C04F79EFBC}") = "06.PrimeChecker", "06.PrimeChecker\06.PrimeChecker.csproj", "{11A7ECDB-DEE7-4DBC-A939-6A8D6E86EB56}"
EndProject
Project("{FAE04EC0-301F-11D3-BF4B-00C04F79EFBC}") = "07.PrimesInGivenRange", "07.PrimesInGivenRange\07.PrimesInGivenRange.csproj", "{D575FF9A-7589-42A4-8108-C3041014241E}"
EndProject
Project("{FAE04EC0-301F-11D3-BF4B-00C04F79EFBC}") = "08.CenterPoint", "08.CenterPoint\08.CenterPoint.csproj", "{32062EDF-BCE4-44D0-B5E2-50117F50273A}"
EndProject
Project("{FAE04EC0-301F-11D3-BF4B-00C04F79EFBC}") = "09.LongerLine", "09.LongerLine\09.LongerLine.csproj", "{956248FB-43FD-4248-9974-235D12827F30}"
EndProject
Project("{FAE04EC0-301F-11D3-BF4B-00C04F79EFBC}") = "10.CubeProperties", "10.CubeProperties\10.CubeProperties.csproj", "{9282CC90-BD2D-4135-9A19-E3516AC7664C}"
EndProject
Project("{FAE04EC0-301F-11D3-BF4B-00C04F79EFBC}") = "11.GeometryCalculator", "11.GeometryCalculator\11.GeometryCalculator.csproj", "{5D605587-4DD5-41AE-8786-B191E508F18C}"
EndProject
Project("{FAE04EC0-301F-11D3-BF4B-00C04F79EFBC}") = "12.MasterNumber", "12.MasterNumber\12.MasterNumber.csproj", "{D6E5688F-1103-4E35-BE31-24F7FCC9D724}"
EndProject
Project("{FAE04EC0-301F-11D3-BF4B-00C04F79EFBC}") = "13.Factorial", "13.Factorial\13.Factorial.csproj", "{33CCF344-A425-4A3A-B521-224C487A693E}"
EndProject
Global
	GlobalSection(SolutionConfigurationPlatforms) = preSolution
		Debug|Any CPU = Debug|Any CPU
		Release|Any CPU = Release|Any CPU
	EndGlobalSection
	GlobalSection(ProjectConfigurationPlatforms) = postSolution
		{CC38EEE7-09B1-4605-9ED5-0767D2298C48}.Debug|Any CPU.ActiveCfg = Debug|Any CPU
		{CC38EEE7-09B1-4605-9ED5-0767D2298C48}.Debug|Any CPU.Build.0 = Debug|Any CPU
		{CC38EEE7-09B1-4605-9ED5-0767D2298C48}.Release|Any CPU.ActiveCfg = Release|Any CPU
		{CC38EEE7-09B1-4605-9ED5-0767D2298C48}.Release|Any CPU.Build.0 = Release|Any CPU
		{43BCC7B8-4D60-4A5E-BBFB-C8BEC0E24BCC}.Debug|Any CPU.ActiveCfg = Debug|Any CPU
		{43BCC7B8-4D60-4A5E-BBFB-C8BEC0E24BCC}.Debug|Any CPU.Build.0 = Debug|Any CPU
		{43BCC7B8-4D60-4A5E-BBFB-C8BEC0E24BCC}.Release|Any CPU.ActiveCfg = Release|Any CPU
		{43BCC7B8-4D60-4A5E-BBFB-C8BEC0E24BCC}.Release|Any CPU.Build.0 = Release|Any CPU
		{4157B0C9-2FCB-4180-9CFB-C94005D60D73}.Debug|Any CPU.ActiveCfg = Debug|Any CPU
		{4157B0C9-2FCB-4180-9CFB-C94005D60D73}.Debug|Any CPU.Build.0 = Debug|Any CPU
		{4157B0C9-2FCB-4180-9CFB-C94005D60D73}.Release|Any CPU.ActiveCfg = Release|Any CPU
		{4157B0C9-2FCB-4180-9CFB-C94005D60D73}.Release|Any CPU.Build.0 = Release|Any CPU
		{A70E7E33-6D91-4EF3-BB9B-ECB777308BCB}.Debug|Any CPU.ActiveCfg = Debug|Any CPU
		{A70E7E33-6D91-4EF3-BB9B-ECB777308BCB}.Debug|Any CPU.Build.0 = Debug|Any CPU
		{A70E7E33-6D91-4EF3-BB9B-ECB777308BCB}.Release|Any CPU.ActiveCfg = Release|Any CPU
		{A70E7E33-6D91-4EF3-BB9B-ECB777308BCB}.Release|Any CPU.Build.0 = Release|Any CPU
		{D8DDBFA3-23AC-4BFF-89CB-E17536126FAA}.Debug|Any CPU.ActiveCfg = Debug|Any CPU
		{D8DDBFA3-23AC-4BFF-89CB-E17536126FAA}.Debug|Any CPU.Build.0 = Debug|Any CPU
		{D8DDBFA3-23AC-4BFF-89CB-E17536126FAA}.Release|Any CPU.ActiveCfg = Release|Any CPU
		{D8DDBFA3-23AC-4BFF-89CB-E17536126FAA}.Release|Any CPU.Build.0 = Release|Any CPU
		{11A7ECDB-DEE7-4DBC-A939-6A8D6E86EB56}.Debug|Any CPU.ActiveCfg = Debug|Any CPU
		{11A7ECDB-DEE7-4DBC-A939-6A8D6E86EB56}.Debug|Any CPU.Build.0 = Debug|Any CPU
		{11A7ECDB-DEE7-4DBC-A939-6A8D6E86EB56}.Release|Any CPU.ActiveCfg = Release|Any CPU
		{11A7ECDB-DEE7-4DBC-A939-6A8D6E86EB56}.Release|Any CPU.Build.0 = Release|Any CPU
		{D575FF9A-7589-42A4-8108-C3041014241E}.Debug|Any CPU.ActiveCfg = Debug|Any CPU
		{D575FF9A-7589-42A4-8108-C3041014241E}.Debug|Any CPU.Build.0 = Debug|Any CPU
		{D575FF9A-7589-42A4-8108-C3041014241E}.Release|Any CPU.ActiveCfg = Release|Any CPU
		{D575FF9A-7589-42A4-8108-C3041014241E}.Release|Any CPU.Build.0 = Release|Any CPU
		{32062EDF-BCE4-44D0-B5E2-50117F50273A}.Debug|Any CPU.ActiveCfg = Debug|Any CPU
		{32062EDF-BCE4-44D0-B5E2-50117F50273A}.Debug|Any CPU.Build.0 = Debug|Any CPU
		{32062EDF-BCE4-44D0-B5E2-50117F50273A}.Release|Any CPU.ActiveCfg = Release|Any CPU
		{32062EDF-BCE4-44D0-B5E2-50117F50273A}.Release|Any CPU.Build.0 = Release|Any CPU
		{956248FB-43FD-4248-9974-235D12827F30}.Debug|Any CPU.ActiveCfg = Debug|Any CPU
		{956248FB-43FD-4248-9974-235D12827F30}.Debug|Any CPU.Build.0 = Debug|Any CPU
		{956248FB-43FD-4248-9974-235D12827F30}.Release|Any CPU.ActiveCfg = Release|Any CPU
		{956248FB-43FD-4248-9974-235D12827F30}.Release|Any CPU.Build.0 = Release|Any CPU
		{9282CC90-BD2D-4135-9A19-E3516AC7664C}.Debug|Any CPU.ActiveCfg = Debug|Any CPU
		{9282CC90-BD2D-4135-9A19-E3516AC7664C}.Debug|Any CPU.Build.0 = Debug|Any CPU
		{9282CC90-BD2D-4135-9A19-E3516AC7664C}.Release|Any CPU.ActiveCfg = Release|Any CPU
		{9282CC90-BD2D-4135-9A19-E3516AC7664C}.Release|Any CPU.Build.0 = Release|Any CPU
		{5D605587-4DD5-41AE-8786-B191E508F18C}.Debug|Any CPU.ActiveCfg = Debug|Any CPU
		{5D605587-4DD5-41AE-8786-B191E508F18C}.Debug|Any CPU.Build.0 = Debug|Any CPU
		{5D605587-4DD5-41AE-8786-B191E508F18C}.Release|Any CPU.ActiveCfg = Release|Any CPU
		{5D605587-4DD5-41AE-8786-B191E508F18C}.Release|Any CPU.Build.0 = Release|Any CPU
		{D6E5688F-1103-4E35-BE31-24F7FCC9D724}.Debug|Any CPU.ActiveCfg = Debug|Any CPU
		{D6E5688F-1103-4E35-BE31-24F7FCC9D724}.Debug|Any CPU.Build.0 = Debug|Any CPU
		{D6E5688F-1103-4E35-BE31-24F7FCC9D724}.Release|Any CPU.ActiveCfg = Release|Any CPU
		{D6E5688F-1103-4E35-BE31-24F7FCC9D724}.Release|Any CPU.Build.0 = Release|Any CPU
		{33CCF344-A425-4A3A-B521-224C487A693E}.Debug|Any CPU.ActiveCfg = Debug|Any CPU
		{33CCF344-A425-4A3A-B521-224C487A693E}.Debug|Any CPU.Build.0 = Debug|Any CPU
		{33CCF344-A425-4A3A-B521-224C487A693E}.Release|Any CPU.ActiveCfg = Release|Any CPU
		{33CCF344-A425-4A3A-B521-224C487A693E}.Release|Any CPU.Build.0 = Release|Any CPU
	EndGlobalSection
	GlobalSection(SolutionProperties) = preSolution
		HideSolutionNode = FALSE
	EndGlobalSection
EndGlobal
