
Microsoft Visual Studio Solution File, Format Version 12.00
# Visual Studio 14
VisualStudioVersion = 14.0.25420.1
MinimumVisualStudioVersion = 10.0.40219.1
Project("{FAE04EC0-301F-11D3-BF4B-00C04F79EFBC}") = "01.CountWorkingDays", "01.CountWorkingDays\01.CountWorkingDays.csproj", "{E8D549AE-2134-4621-BF8F-7B1DF4EC635A}"
EndProject
Project("{FAE04EC0-301F-11D3-BF4B-00C04F79EFBC}") = "02.AdvertisementMessage", "02.AdvertisementMessage\02.AdvertisementMessage.csproj", "{14E607AA-3F92-4966-8A78-F37C7895EF5B}"
EndProject
Project("{FAE04EC0-301F-11D3-BF4B-00C04F79EFBC}") = "03.IntersectionOfCircles", "03.IntersectionOfCircles\03.IntersectionOfCircles.csproj", "{30379645-2B9D-472D-862A-46721FF18AA0}"
EndProject
Project("{FAE04EC0-301F-11D3-BF4B-00C04F79EFBC}") = "04.AverageGrades", "04.AverageGrades\04.AverageGrades.csproj", "{8F9EA1B0-E338-46AF-87DF-35D1739DAE7C}"
EndProject
Project("{FAE04EC0-301F-11D3-BF4B-00C04F79EFBC}") = "05.BookLibrary", "05.BookLibrary\05.BookLibrary.csproj", "{629F9859-38D7-438C-B3A6-3EFECCC9DF7D}"
EndProject
Global
	GlobalSection(SolutionConfigurationPlatforms) = preSolution
		Debug|Any CPU = Debug|Any CPU
		Release|Any CPU = Release|Any CPU
	EndGlobalSection
	GlobalSection(ProjectConfigurationPlatforms) = postSolution
		{E8D549AE-2134-4621-BF8F-7B1DF4EC635A}.Debug|Any CPU.ActiveCfg = Debug|Any CPU
		{E8D549AE-2134-4621-BF8F-7B1DF4EC635A}.Debug|Any CPU.Build.0 = Debug|Any CPU
		{E8D549AE-2134-4621-BF8F-7B1DF4EC635A}.Release|Any CPU.ActiveCfg = Release|Any CPU
		{E8D549AE-2134-4621-BF8F-7B1DF4EC635A}.Release|Any CPU.Build.0 = Release|Any CPU
		{14E607AA-3F92-4966-8A78-F37C7895EF5B}.Debug|Any CPU.ActiveCfg = Debug|Any CPU
		{14E607AA-3F92-4966-8A78-F37C7895EF5B}.Debug|Any CPU.Build.0 = Debug|Any CPU
		{14E607AA-3F92-4966-8A78-F37C7895EF5B}.Release|Any CPU.ActiveCfg = Release|Any CPU
		{14E607AA-3F92-4966-8A78-F37C7895EF5B}.Release|Any CPU.Build.0 = Release|Any CPU
		{30379645-2B9D-472D-862A-46721FF18AA0}.Debug|Any CPU.ActiveCfg = Debug|Any CPU
		{30379645-2B9D-472D-862A-46721FF18AA0}.Debug|Any CPU.Build.0 = Debug|Any CPU
		{30379645-2B9D-472D-862A-46721FF18AA0}.Release|Any CPU.ActiveCfg = Release|Any CPU
		{30379645-2B9D-472D-862A-46721FF18AA0}.Release|Any CPU.Build.0 = Release|Any CPU
		{8F9EA1B0-E338-46AF-87DF-35D1739DAE7C}.Debug|Any CPU.ActiveCfg = Debug|Any CPU
		{8F9EA1B0-E338-46AF-87DF-35D1739DAE7C}.Debug|Any CPU.Build.0 = Debug|Any CPU
		{8F9EA1B0-E338-46AF-87DF-35D1739DAE7C}.Release|Any CPU.ActiveCfg = Release|Any CPU
		{8F9EA1B0-E338-46AF-87DF-35D1739DAE7C}.Release|Any CPU.Build.0 = Release|Any CPU
		{629F9859-38D7-438C-B3A6-3EFECCC9DF7D}.Debug|Any CPU.ActiveCfg = Debug|Any CPU
		{629F9859-38D7-438C-B3A6-3EFECCC9DF7D}.Debug|Any CPU.Build.0 = Debug|Any CPU
		{629F9859-38D7-438C-B3A6-3EFECCC9DF7D}.Release|Any CPU.ActiveCfg = Release|Any CPU
		{629F9859-38D7-438C-B3A6-3EFECCC9DF7D}.Release|Any CPU.Build.0 = Release|Any CPU
	EndGlobalSection
	GlobalSection(SolutionProperties) = preSolution
		HideSolutionNode = FALSE
	EndGlobalSection
EndGlobal
